// !$*UTF8*$!
{
	archiveVersion = 1;
	classes = {
	};
	objectVersion = 56;
	objects = {

/* Begin PBXBuildFile section */
		081EB2342D47A9AA00D518C9 /* GameCollectionViewLayout.swift in Sources */ = {isa = PBXBuildFile; fileRef = 081EB2332D47A9AA00D518C9 /* GameCollectionViewLayout.swift */; };
		082495992D159A1D00435AE1 /* TableViewCells.swift in Sources */ = {isa = PBXBuildFile; fileRef = 082495982D159A1D00435AE1 /* TableViewCells.swift */; };
		0825FE8C2D536DC0000C2114 /* TypingEffectAnimation.swift in Sources */ = {isa = PBXBuildFile; fileRef = 0825FE8B2D536DC0000C2114 /* TypingEffectAnimation.swift */; };
		0836F0662D5B4D8300B78F88 /* TutorialVC.swift in Sources */ = {isa = PBXBuildFile; fileRef = 0836F0652D5B4D8300B78F88 /* TutorialVC.swift */; };
		086854EB2CE5064900CBB618 /* AddWordsPartitialController.swift in Sources */ = {isa = PBXBuildFile; fileRef = 086854EA2CE5064900CBB618 /* AddWordsPartitialController.swift */; };
		0873A1C02CE62D730048D012 /* CountdownBarButton.swift in Sources */ = {isa = PBXBuildFile; fileRef = 0873A1BF2CE62D730048D012 /* CountdownBarButton.swift */; };
		0887CB492D3B962000BACA7C /* DataUpdateManager.swift in Sources */ = {isa = PBXBuildFile; fileRef = 0887CB482D3B962000BACA7C /* DataUpdateManager.swift */; };
		08AD928B2D4BA5330077BAD9 /* SearchViewHeaderCell.swift in Sources */ = {isa = PBXBuildFile; fileRef = 08AD928A2D4BA5330077BAD9 /* SearchViewHeaderCell.swift */; };
		08B80D102B924FC300768784 /* FontChangeManager.swift in Sources */ = {isa = PBXBuildFile; fileRef = 08B80D0F2B924FC300768784 /* FontChangeManager.swift */; };
		08C097F72CDD072A00ED875A /* TimedDetailView.swift in Sources */ = {isa = PBXBuildFile; fileRef = 08C097F62CDD072A00ED875A /* TimedDetailView.swift */; };
		08C665422C80D23100427BA5 /* DictionariesSettings+CoreDataClass.swift in Sources */ = {isa = PBXBuildFile; fileRef = 08C6653A2C80D23000427BA5 /* DictionariesSettings+CoreDataClass.swift */; };
		08C665432C80D23100427BA5 /* DictionariesSettings+CoreDataProperties.swift in Sources */ = {isa = PBXBuildFile; fileRef = 08C6653B2C80D23000427BA5 /* DictionariesSettings+CoreDataProperties.swift */; };
		08C665442C80D23100427BA5 /* DictionariesAccessLog+CoreDataClass.swift in Sources */ = {isa = PBXBuildFile; fileRef = 08C6653C2C80D23000427BA5 /* DictionariesAccessLog+CoreDataClass.swift */; };
		08C665452C80D23100427BA5 /* DictionariesAccessLog+CoreDataProperties.swift in Sources */ = {isa = PBXBuildFile; fileRef = 08C6653D2C80D23000427BA5 /* DictionariesAccessLog+CoreDataProperties.swift */; };
		08C665462C80D23100427BA5 /* WordsEntity+CoreDataClass.swift in Sources */ = {isa = PBXBuildFile; fileRef = 08C6653E2C80D23000427BA5 /* WordsEntity+CoreDataClass.swift */; };
		08C665472C80D23100427BA5 /* WordsEntity+CoreDataProperties.swift in Sources */ = {isa = PBXBuildFile; fileRef = 08C6653F2C80D23000427BA5 /* WordsEntity+CoreDataProperties.swift */; };
		08C665482C80D23100427BA5 /* DictionariesEntity+CoreDataClass.swift in Sources */ = {isa = PBXBuildFile; fileRef = 08C665402C80D23100427BA5 /* DictionariesEntity+CoreDataClass.swift */; };
		08C665492C80D23100427BA5 /* DictionariesEntity+CoreDataProperties.swift in Sources */ = {isa = PBXBuildFile; fileRef = 08C665412C80D23100427BA5 /* DictionariesEntity+CoreDataProperties.swift */; };
		08C6654B2C80D35400427BA5 /* CoreData_Settings.swift in Sources */ = {isa = PBXBuildFile; fileRef = 08C6654A2C80D35400427BA5 /* CoreData_Settings.swift */; };
		08C7E7062D3536E2006E6C55 /* PopUpTimerView.swift in Sources */ = {isa = PBXBuildFile; fileRef = 08C7E7052D3536E2006E6C55 /* PopUpTimerView.swift */; };
		08CEFF1F2D4E6AF300E6DF82 /* SearchCellDetailedView.swift in Sources */ = {isa = PBXBuildFile; fileRef = 08CEFF1E2D4E6AF300E6DF82 /* SearchCellDetailedView.swift */; };
		08DA98B12D00AEE8007A3C00 /* CustomTableViewDelegate.swift in Sources */ = {isa = PBXBuildFile; fileRef = 08DA98B02D00AEE8007A3C00 /* CustomTableViewDelegate.swift */; };
		08EA16F62CFB1E3A00E1CA56 /* StatisticViewSelectedCell.swift in Sources */ = {isa = PBXBuildFile; fileRef = 08EA16F52CFB1E3A00E1CA56 /* StatisticViewSelectedCell.swift */; };
		7D3C3F9F2B1745A200025234 /* UIVC Extension.swift in Sources */ = {isa = PBXBuildFile; fileRef = 7D3C3F9E2B1745A200025234 /* UIVC Extension.swift */; };
		7D3C3FA12B17462500025234 /* UIColor Extension.swift in Sources */ = {isa = PBXBuildFile; fileRef = 7D3C3FA02B17462500025234 /* UIColor Extension.swift */; };
		7D3C3FA32B17467B00025234 /* UIButton Extension.swift in Sources */ = {isa = PBXBuildFile; fileRef = 7D3C3FA22B17467B00025234 /* UIButton Extension.swift */; };
		7D59FEBC2B07925B00FAD332 /* Settings.bundle in Resources */ = {isa = PBXBuildFile; fileRef = 7D59FEBB2B07925B00FAD332 /* Settings.bundle */; };
		7DB5A5AE2AF8D7FE003B0E0A /* HiglightLayoutManager.swift in Sources */ = {isa = PBXBuildFile; fileRef = 7DB5A5AD2AF8D7FE003B0E0A /* HiglightLayoutManager.swift */; };
		9A02AA5C2AA0B47100644820 /* StatisticViewCell.swift in Sources */ = {isa = PBXBuildFile; fileRef = 9A02AA5B2AA0B47100644820 /* StatisticViewCell.swift */; };
		9A02AA602AA2040700644820 /* PickerCallView.swift in Sources */ = {isa = PBXBuildFile; fileRef = 9A02AA5F2AA2040700644820 /* PickerCallView.swift */; };
		9A02B2862A38993F00652FC3 /* EditView.swift in Sources */ = {isa = PBXBuildFile; fileRef = 9A02B2852A38993F00652FC3 /* EditView.swift */; };
		9A0BD53A29DC531F00845328 /* SettingsTextCell.swift in Sources */ = {isa = PBXBuildFile; fileRef = 9A0BD53929DC531F00845328 /* SettingsTextCell.swift */; };
		9A1F67C829DFFD39003993C5 /* Localizable.strings in Resources */ = {isa = PBXBuildFile; fileRef = 9A1F67CA29DFFD39003993C5 /* Localizable.strings */; };
		9A1F67CF29E166C4003993C5 /* LanguageChangeManager.swift in Sources */ = {isa = PBXBuildFile; fileRef = 9A1F67CE29E166C4003993C5 /* LanguageChangeManager.swift */; };
		9A1F67D129E18BBE003993C5 /* SettingsImageCell.swift in Sources */ = {isa = PBXBuildFile; fileRef = 9A1F67D029E18BBE003993C5 /* SettingsImageCell.swift */; };
		9A1F67D429E3F69A003993C5 /* SettingsHeaderCell.swift in Sources */ = {isa = PBXBuildFile; fileRef = 9A1F67D329E3F69A003993C5 /* SettingsHeaderCell.swift */; };
		9A3825EC2ABB284E00113AAD /* Tutorial.swift in Sources */ = {isa = PBXBuildFile; fileRef = 9A3825EB2ABB284E00113AAD /* Tutorial.swift */; };
		9A3B83442AAE24850093060E /* GameDetailsViewModel.swift in Sources */ = {isa = PBXBuildFile; fileRef = 9A3B83432AAE24850093060E /* GameDetailsViewModel.swift */; };
		9A4D211A2AB0B74400EA9196 /* CustomNavigationController.swift in Sources */ = {isa = PBXBuildFile; fileRef = 9A4D21192AB0B74400EA9196 /* CustomNavigationController.swift */; };
		9A5641FF2A5D779400027BCD /* EditViewModel.swift in Sources */ = {isa = PBXBuildFile; fileRef = 9A5641FE2A5D779400027BCD /* EditViewModel.swift */; };
		9A5D51D32A67E05300F85720 /* AddWordsViewModel.swift in Sources */ = {isa = PBXBuildFile; fileRef = 9A5D51D22A67E05300F85720 /* AddWordsViewModel.swift */; };
		9A5D51D52A6808CC00F85720 /* DetailsViewModel.swift in Sources */ = {isa = PBXBuildFile; fileRef = 9A5D51D42A6808CC00F85720 /* DetailsViewModel.swift */; };
		9A5D51D72A680EED00F85720 /* CoreDataCustomErrors.swift in Sources */ = {isa = PBXBuildFile; fileRef = 9A5D51D62A680EED00F85720 /* CoreDataCustomErrors.swift */; };
		9A5D51D92A680F4E00F85720 /* CoreDataChangeTypes.swift in Sources */ = {isa = PBXBuildFile; fileRef = 9A5D51D82A680F4E00F85720 /* CoreDataChangeTypes.swift */; };
		9A75413D2A70042D0064BE4E /* SearchViewModel.swift in Sources */ = {isa = PBXBuildFile; fileRef = 9A75413C2A70042D0064BE4E /* SearchViewModel.swift */; };
		9A77B0222AD58960006DA151 /* ExceptionsVC.swift in Sources */ = {isa = PBXBuildFile; fileRef = 9A77B0212AD58960006DA151 /* ExceptionsVC.swift */; };
		9A77B0242AD58974006DA151 /* ExceptionsViewModel.swift in Sources */ = {isa = PBXBuildFile; fileRef = 9A77B0232AD58974006DA151 /* ExceptionsViewModel.swift */; };
		9A77B0262AD6C94A006DA151 /* ExceptionExampleView.swift in Sources */ = {isa = PBXBuildFile; fileRef = 9A77B0252AD6C94A006DA151 /* ExceptionExampleView.swift */; };
		9A7B91C6298D6D9600E60CDD /* AppDelegate.swift in Sources */ = {isa = PBXBuildFile; fileRef = 9A7B91C5298D6D9600E60CDD /* AppDelegate.swift */; };
		9A7B91C8298D6D9600E60CDD /* SceneDelegate.swift in Sources */ = {isa = PBXBuildFile; fileRef = 9A7B91C7298D6D9600E60CDD /* SceneDelegate.swift */; };
		9A7B91CF298D6D9900E60CDD /* Assets.xcassets in Resources */ = {isa = PBXBuildFile; fileRef = 9A7B91CE298D6D9900E60CDD /* Assets.xcassets */; };
		9A7B91DD298D6D9900E60CDD /* LanguageTests.swift in Sources */ = {isa = PBXBuildFile; fileRef = 9A7B91DC298D6D9900E60CDD /* LanguageTests.swift */; };
		9A7B91E7298D6D9A00E60CDD /* LanguageUITests.swift in Sources */ = {isa = PBXBuildFile; fileRef = 9A7B91E6298D6D9A00E60CDD /* LanguageUITests.swift */; };
		9A7B91E9298D6D9A00E60CDD /* LanguageUITestsLaunchTests.swift in Sources */ = {isa = PBXBuildFile; fileRef = 9A7B91E8298D6D9A00E60CDD /* LanguageUITestsLaunchTests.swift */; };
		9A7E9F932AA5F06600C702B4 /* StatisticViewModel.swift in Sources */ = {isa = PBXBuildFile; fileRef = 9A7E9F922AA5F06600C702B4 /* StatisticViewModel.swift */; };
		9A8284082ABDF2890071D4D7 /* TutorialSecondPart.swift in Sources */ = {isa = PBXBuildFile; fileRef = 9A8284072ABDF2890071D4D7 /* TutorialSecondPart.swift */; };
		9A8284122AC45CB50071D4D7 /* TutorialAccessView.swift in Sources */ = {isa = PBXBuildFile; fileRef = 9A8284112AC45CB50071D4D7 /* TutorialAccessView.swift */; };
		9A8284142AC70FA70071D4D7 /* TutorialInformationView.swift in Sources */ = {isa = PBXBuildFile; fileRef = 9A8284132AC70FA70071D4D7 /* TutorialInformationView.swift */; };
		9A883CE32A6C65D7008682F3 /* UIView Extensions.swift in Sources */ = {isa = PBXBuildFile; fileRef = 9A883CE22A6C65D7008682F3 /* UIView Extensions.swift */; };
		9A883CE62A6C68E0008682F3 /* DictionariesLogsConverter.swift in Sources */ = {isa = PBXBuildFile; fileRef = 9A883CE52A6C68E0008682F3 /* DictionariesLogsConverter.swift */; };
		9A883CE82A6C6BC1008682F3 /* CoreData_Dictionary.swift in Sources */ = {isa = PBXBuildFile; fileRef = 9A883CE72A6C6BC1008682F3 /* CoreData_Dictionary.swift */; };
		9A883CEA2A6D375C008682F3 /* CoreData_Words.swift in Sources */ = {isa = PBXBuildFile; fileRef = 9A883CE92A6D375B008682F3 /* CoreData_Words.swift */; };
		9A883CEC2A6D37C4008682F3 /* CoreData_Logs.swift in Sources */ = {isa = PBXBuildFile; fileRef = 9A883CEB2A6D37C4008682F3 /* CoreData_Logs.swift */; };
		9A883CEE2A6EA0A6008682F3 /* StatisticCellViewModel.swift in Sources */ = {isa = PBXBuildFile; fileRef = 9A883CED2A6EA0A6008682F3 /* StatisticCellViewModel.swift */; };
		9A90775A2A9CB83D00C88DD3 /* PieStatisticView.swift in Sources */ = {isa = PBXBuildFile; fileRef = 9A9077592A9CB83D00C88DD3 /* PieStatisticView.swift */; };
		9A912FC62A06BB540004A91A /* NotificationTextCell.swift in Sources */ = {isa = PBXBuildFile; fileRef = 9A912FC52A06BB540004A91A /* NotificationTextCell.swift */; };
		9A94B9592A5EB1FA00DF6E4C /* Launch Screen.storyboard in Resources */ = {isa = PBXBuildFile; fileRef = 9A94B9582A5EB1FA00DF6E4C /* Launch Screen.storyboard */; };
		9A94B95B2A5ED84900DF6E4C /* MenuStatisticView.swift in Sources */ = {isa = PBXBuildFile; fileRef = 9A94B95A2A5ED84900DF6E4C /* MenuStatisticView.swift */; };
		9A9970FC29D9D662007EE635 /* SearchView.swift in Sources */ = {isa = PBXBuildFile; fileRef = 9A9970FB29D9D661007EE635 /* SearchView.swift */; };
		9A9970FE29DB2D86007EE635 /* LaunchAnimation.swift in Sources */ = {isa = PBXBuildFile; fileRef = 9A9970FD29DB2D86007EE635 /* LaunchAnimation.swift */; };
		9A999CA72A7DA4050017C30C /* NotificationDayPicker.swift in Sources */ = {isa = PBXBuildFile; fileRef = 9A999CA62A7DA4050017C30C /* NotificationDayPicker.swift */; };
		9AA61BEF2A616D3200FACAD2 /* AddDictionaryViewModel.swift in Sources */ = {isa = PBXBuildFile; fileRef = 9AA61BEE2A616D3100FACAD2 /* AddDictionaryViewModel.swift */; };
		9AA6C4E52AB621AA0094F8D5 /* SearchToolBarView.swift in Sources */ = {isa = PBXBuildFile; fileRef = 9AA6C4E42AB621AA0094F8D5 /* SearchToolBarView.swift */; };
		9AA71C5B29C20894008A193B /* MainGameVC.swift in Sources */ = {isa = PBXBuildFile; fileRef = 9AA71C5A29C20894008A193B /* MainGameVC.swift */; };
		9AA71C6129C34EA8008A193B /* CollectionViewLastCell.swift in Sources */ = {isa = PBXBuildFile; fileRef = 9AA71C6029C34EA8008A193B /* CollectionViewLastCell.swift */; };
		9AA71C6829C9CE9B008A193B /* CollectionViewCell.swift in Sources */ = {isa = PBXBuildFile; fileRef = 9AA71C6729C9CE9B008A193B /* CollectionViewCell.swift */; };
		9AA7AB5429AE3CF400CCC9F4 /* Extensions.swift in Sources */ = {isa = PBXBuildFile; fileRef = 9AA7AB5329AE3CF400CCC9F4 /* Extensions.swift */; };
		9AABAEAC2A8527060032C008 /* UIFont Extensions.swift in Sources */ = {isa = PBXBuildFile; fileRef = 9AABAEAB2A8527060032C008 /* UIFont Extensions.swift */; };
		9AABAEB02A87D3E00032C008 /* TextInputView.swift in Sources */ = {isa = PBXBuildFile; fileRef = 9AABAEAF2A87D3E00032C008 /* TextInputView.swift */; };
		9AABAEB22A88E5D40032C008 /* SettingsViewModel.swift in Sources */ = {isa = PBXBuildFile; fileRef = 9AABAEB12A88E5D40032C008 /* SettingsViewModel.swift */; };
		9AAC8A072A88E9E00068828C /* CustomUserDefaults.swift in Sources */ = {isa = PBXBuildFile; fileRef = 9AAC8A062A88E9E00068828C /* CustomUserDefaults.swift */; };
		9AADA5142A8C48280044708E /* SeparatorsViewModel.swift in Sources */ = {isa = PBXBuildFile; fileRef = 9AADA5132A8C48280044708E /* SeparatorsViewModel.swift */; };
		9AADA5162A8E298C0044708E /* SeparatorsExampleView.swift in Sources */ = {isa = PBXBuildFile; fileRef = 9AADA5152A8E298C0044708E /* SeparatorsExampleView.swift */; };
		9AAECFBE29B5052F00439C0B /* SettingsVC.swift in Sources */ = {isa = PBXBuildFile; fileRef = 9AAECFBD29B5052F00439C0B /* SettingsVC.swift */; };
		9AAECFC229B50A5300439C0B /* AddWordsView.swift in Sources */ = {isa = PBXBuildFile; fileRef = 9AAECFC129B50A5300439C0B /* AddWordsView.swift */; };
		9AB039D62A9175A6003FE10C /* CustomSearchBar.swift in Sources */ = {isa = PBXBuildFile; fileRef = 9AB039D52A9175A6003FE10C /* CustomSearchBar.swift */; };
		9AB2453F29E8556100E05E59 /* NotificationSwitchCell.swift in Sources */ = {isa = PBXBuildFile; fileRef = 9AB2453E29E8556100E05E59 /* NotificationSwitchCell.swift */; };
		9AB40FF229CC6A9D00353FFC /* MenuDictionaryCell.swift in Sources */ = {isa = PBXBuildFile; fileRef = 9AB40FF129CC6A9D00353FFC /* MenuDictionaryCell.swift */; };
		9AB43A1629F3E72D00984350 /* SearchViewCell.swift in Sources */ = {isa = PBXBuildFile; fileRef = 9AB43A1529F3E72D00984350 /* SearchViewCell.swift */; };
		9AB43A1929F40EA000984350 /* LearnyLocal.xcdatamodeld in Sources */ = {isa = PBXBuildFile; fileRef = 9AB43A1729F40EA000984350 /* LearnyLocal.xcdatamodeld */; };
		9AB43A3629F4695B00984350 /* CoreDataMethods.swift in Sources */ = {isa = PBXBuildFile; fileRef = 9AB43A3529F4695B00984350 /* CoreDataMethods.swift */; };
		9AB9A95F29FD70A800694FE8 /* SeparatorsCell.swift in Sources */ = {isa = PBXBuildFile; fileRef = 9AB9A95E29FD70A800694FE8 /* SeparatorsCell.swift */; };
		9AB9A96129FD71F000694FE8 /* SeparatorsView.swift in Sources */ = {isa = PBXBuildFile; fileRef = 9AB9A96029FD71F000694FE8 /* SeparatorsView.swift */; };
		9ABAEE172A72B7950065494A /* NotificationViewModel.swift in Sources */ = {isa = PBXBuildFile; fileRef = 9ABAEE162A72B7950065494A /* NotificationViewModel.swift */; };
		9ABAEE1C2A79BFA10065494A /* NotificationView.swift in Sources */ = {isa = PBXBuildFile; fileRef = 9ABAEE1B2A79BFA10065494A /* NotificationView.swift */; };
		9ABC83A42A582C3F00E630F5 /* MenuView.swift in Sources */ = {isa = PBXBuildFile; fileRef = 9ABC83A32A582C3F00E630F5 /* MenuView.swift */; };
		9ABC83A62A582C5600E630F5 /* MenuViewModel.swift in Sources */ = {isa = PBXBuildFile; fileRef = 9ABC83A52A582C5600E630F5 /* MenuViewModel.swift */; };
		9AD4E2432A950862009090EA /* GameViewModel.swift in Sources */ = {isa = PBXBuildFile; fileRef = 9AD4E2422A950862009090EA /* GameViewModel.swift */; };
		9AD4E2452A960163009090EA /* InformationView.swift in Sources */ = {isa = PBXBuildFile; fileRef = 9AD4E2442A960163009090EA /* InformationView.swift */; };
		9AD4E2472A963A89009090EA /* ViewModelFactory.swift in Sources */ = {isa = PBXBuildFile; fileRef = 9AD4E2462A963A89009090EA /* ViewModelFactory.swift */; };
		9AE34A782A115DD300F8BB65 /* GameDetailsVC.swift in Sources */ = {isa = PBXBuildFile; fileRef = 9AE34A772A115DD300F8BB65 /* GameDetailsVC.swift */; };
		9AE509352997C07700D86DD7 /* AddDictionaryView.swift in Sources */ = {isa = PBXBuildFile; fileRef = 9AE509342997C07700D86DD7 /* AddDictionaryView.swift */; };
		9AF756882AAA514200CE3B25 /* StatisticLogsConverter.swift in Sources */ = {isa = PBXBuildFile; fileRef = 9AF756872AAA514200CE3B25 /* StatisticLogsConverter.swift */; };
		9AFFCE7B299D073D00C12B94 /* MenuAddDictionaryCell.swift in Sources */ = {isa = PBXBuildFile; fileRef = 9AFFCE7A299D073D00C12B94 /* MenuAddDictionaryCell.swift */; };
		9AFFCE7D299E747400C12B94 /* StatisticView.swift in Sources */ = {isa = PBXBuildFile; fileRef = 9AFFCE7C299E747400C12B94 /* StatisticView.swift */; };
		9AFFCE8129A4DFEF00C12B94 /* DetailsView.swift in Sources */ = {isa = PBXBuildFile; fileRef = 9AFFCE8029A4DFEE00C12B94 /* DetailsView.swift */; };
/* End PBXBuildFile section */

/* Begin PBXContainerItemProxy section */
		9A7B91D9298D6D9900E60CDD /* PBXContainerItemProxy */ = {
			isa = PBXContainerItemProxy;
			containerPortal = 9A7B91BA298D6D9600E60CDD /* Project object */;
			proxyType = 1;
			remoteGlobalIDString = 9A7B91C1298D6D9600E60CDD;
			remoteInfo = Language;
		};
		9A7B91E3298D6D9A00E60CDD /* PBXContainerItemProxy */ = {
			isa = PBXContainerItemProxy;
			containerPortal = 9A7B91BA298D6D9600E60CDD /* Project object */;
			proxyType = 1;
			remoteGlobalIDString = 9A7B91C1298D6D9600E60CDD;
			remoteInfo = Language;
		};
/* End PBXContainerItemProxy section */

/* Begin PBXFileReference section */
		081EB2332D47A9AA00D518C9 /* GameCollectionViewLayout.swift */ = {isa = PBXFileReference; lastKnownFileType = sourcecode.swift; path = GameCollectionViewLayout.swift; sourceTree = "<group>"; };
		082495982D159A1D00435AE1 /* TableViewCells.swift */ = {isa = PBXFileReference; lastKnownFileType = sourcecode.swift; path = TableViewCells.swift; sourceTree = "<group>"; };
		0825FE8B2D536DC0000C2114 /* TypingEffectAnimation.swift */ = {isa = PBXFileReference; lastKnownFileType = sourcecode.swift; path = TypingEffectAnimation.swift; sourceTree = "<group>"; };
		0836F0652D5B4D8300B78F88 /* TutorialVC.swift */ = {isa = PBXFileReference; lastKnownFileType = sourcecode.swift; path = TutorialVC.swift; sourceTree = "<group>"; };
		08594B0B2B39A95A004A1398 /* Learny.workspace.xcworkspace */ = {isa = PBXFileReference; lastKnownFileType = wrapper.workspace; path = Learny.workspace.xcworkspace; sourceTree = "<group>"; };
		086854EA2CE5064900CBB618 /* AddWordsPartitialController.swift */ = {isa = PBXFileReference; lastKnownFileType = sourcecode.swift; path = AddWordsPartitialController.swift; sourceTree = "<group>"; };
		0873A1BF2CE62D730048D012 /* CountdownBarButton.swift */ = {isa = PBXFileReference; lastKnownFileType = sourcecode.swift; path = CountdownBarButton.swift; sourceTree = "<group>"; };
		0887CB482D3B962000BACA7C /* DataUpdateManager.swift */ = {isa = PBXFileReference; lastKnownFileType = sourcecode.swift; path = DataUpdateManager.swift; sourceTree = "<group>"; };
		089F83AB2D1C07F10093800B /* tr */ = {isa = PBXFileReference; lastKnownFileType = text.plist.strings; name = tr; path = tr.lproj/Localizable.strings; sourceTree = "<group>"; };
		08AD928A2D4BA5330077BAD9 /* SearchViewHeaderCell.swift */ = {isa = PBXFileReference; lastKnownFileType = sourcecode.swift; path = SearchViewHeaderCell.swift; sourceTree = "<group>"; };
		08B80D0F2B924FC300768784 /* FontChangeManager.swift */ = {isa = PBXFileReference; lastKnownFileType = sourcecode.swift; path = FontChangeManager.swift; sourceTree = "<group>"; };
		08C097F62CDD072A00ED875A /* TimedDetailView.swift */ = {isa = PBXFileReference; lastKnownFileType = sourcecode.swift; path = TimedDetailView.swift; sourceTree = "<group>"; };
		08C6653A2C80D23000427BA5 /* DictionariesSettings+CoreDataClass.swift */ = {isa = PBXFileReference; lastKnownFileType = sourcecode.swift; path = "DictionariesSettings+CoreDataClass.swift"; sourceTree = SOURCE_ROOT; };
		08C6653B2C80D23000427BA5 /* DictionariesSettings+CoreDataProperties.swift */ = {isa = PBXFileReference; lastKnownFileType = sourcecode.swift; path = "DictionariesSettings+CoreDataProperties.swift"; sourceTree = SOURCE_ROOT; };
		08C6653C2C80D23000427BA5 /* DictionariesAccessLog+CoreDataClass.swift */ = {isa = PBXFileReference; lastKnownFileType = sourcecode.swift; path = "DictionariesAccessLog+CoreDataClass.swift"; sourceTree = SOURCE_ROOT; };
		08C6653D2C80D23000427BA5 /* DictionariesAccessLog+CoreDataProperties.swift */ = {isa = PBXFileReference; lastKnownFileType = sourcecode.swift; path = "DictionariesAccessLog+CoreDataProperties.swift"; sourceTree = SOURCE_ROOT; };
		08C6653E2C80D23000427BA5 /* WordsEntity+CoreDataClass.swift */ = {isa = PBXFileReference; lastKnownFileType = sourcecode.swift; path = "WordsEntity+CoreDataClass.swift"; sourceTree = SOURCE_ROOT; };
		08C6653F2C80D23000427BA5 /* WordsEntity+CoreDataProperties.swift */ = {isa = PBXFileReference; lastKnownFileType = sourcecode.swift; path = "WordsEntity+CoreDataProperties.swift"; sourceTree = SOURCE_ROOT; };
		08C665402C80D23100427BA5 /* DictionariesEntity+CoreDataClass.swift */ = {isa = PBXFileReference; lastKnownFileType = sourcecode.swift; path = "DictionariesEntity+CoreDataClass.swift"; sourceTree = SOURCE_ROOT; };
		08C665412C80D23100427BA5 /* DictionariesEntity+CoreDataProperties.swift */ = {isa = PBXFileReference; lastKnownFileType = sourcecode.swift; path = "DictionariesEntity+CoreDataProperties.swift"; sourceTree = SOURCE_ROOT; };
		08C6654A2C80D35400427BA5 /* CoreData_Settings.swift */ = {isa = PBXFileReference; lastKnownFileType = sourcecode.swift; path = CoreData_Settings.swift; sourceTree = "<group>"; };
		08C7E7052D3536E2006E6C55 /* PopUpTimerView.swift */ = {isa = PBXFileReference; lastKnownFileType = sourcecode.swift; path = PopUpTimerView.swift; sourceTree = "<group>"; };
		08CEFF1E2D4E6AF300E6DF82 /* SearchCellDetailedView.swift */ = {isa = PBXFileReference; lastKnownFileType = sourcecode.swift; path = SearchCellDetailedView.swift; sourceTree = "<group>"; };
		08DA98B02D00AEE8007A3C00 /* CustomTableViewDelegate.swift */ = {isa = PBXFileReference; lastKnownFileType = sourcecode.swift; path = CustomTableViewDelegate.swift; sourceTree = "<group>"; };
		08EA16F52CFB1E3A00E1CA56 /* StatisticViewSelectedCell.swift */ = {isa = PBXFileReference; lastKnownFileType = sourcecode.swift; path = StatisticViewSelectedCell.swift; sourceTree = "<group>"; };
		7D3C3F9E2B1745A200025234 /* UIVC Extension.swift */ = {isa = PBXFileReference; lastKnownFileType = sourcecode.swift; path = "UIVC Extension.swift"; sourceTree = "<group>"; };
		7D3C3FA02B17462500025234 /* UIColor Extension.swift */ = {isa = PBXFileReference; lastKnownFileType = sourcecode.swift; path = "UIColor Extension.swift"; sourceTree = "<group>"; };
		7D3C3FA22B17467B00025234 /* UIButton Extension.swift */ = {isa = PBXFileReference; lastKnownFileType = sourcecode.swift; path = "UIButton Extension.swift"; sourceTree = "<group>"; };
		7D59FEBB2B07925B00FAD332 /* Settings.bundle */ = {isa = PBXFileReference; lastKnownFileType = "wrapper.plug-in"; path = Settings.bundle; sourceTree = "<group>"; };
		7DB5A5AD2AF8D7FE003B0E0A /* HiglightLayoutManager.swift */ = {isa = PBXFileReference; lastKnownFileType = sourcecode.swift; path = HiglightLayoutManager.swift; sourceTree = "<group>"; };
		9A02AA5B2AA0B47100644820 /* StatisticViewCell.swift */ = {isa = PBXFileReference; lastKnownFileType = sourcecode.swift; path = StatisticViewCell.swift; sourceTree = "<group>"; };
		9A02AA5F2AA2040700644820 /* PickerCallView.swift */ = {isa = PBXFileReference; lastKnownFileType = sourcecode.swift; path = PickerCallView.swift; sourceTree = "<group>"; };
		9A02B2852A38993F00652FC3 /* EditView.swift */ = {isa = PBXFileReference; lastKnownFileType = sourcecode.swift; path = EditView.swift; sourceTree = "<group>"; };
		9A0BD53929DC531F00845328 /* SettingsTextCell.swift */ = {isa = PBXFileReference; lastKnownFileType = sourcecode.swift; path = SettingsTextCell.swift; sourceTree = "<group>"; };
		9A1F67C929DFFD39003993C5 /* en */ = {isa = PBXFileReference; lastKnownFileType = text.plist.strings; name = en; path = en.lproj/Localizable.strings; sourceTree = "<group>"; };
		9A1F67CC29E00253003993C5 /* ru */ = {isa = PBXFileReference; lastKnownFileType = text.plist.strings; name = ru; path = ru.lproj/Localizable.strings; sourceTree = "<group>"; };
		9A1F67CD29E00262003993C5 /* uk */ = {isa = PBXFileReference; lastKnownFileType = text.plist.strings; name = uk; path = ua.lproj/Localizable.strings; sourceTree = "<group>"; };
		9A1F67CE29E166C4003993C5 /* LanguageChangeManager.swift */ = {isa = PBXFileReference; lastKnownFileType = sourcecode.swift; path = LanguageChangeManager.swift; sourceTree = "<group>"; };
		9A1F67D029E18BBE003993C5 /* SettingsImageCell.swift */ = {isa = PBXFileReference; lastKnownFileType = sourcecode.swift; path = SettingsImageCell.swift; sourceTree = "<group>"; };
		9A1F67D329E3F69A003993C5 /* SettingsHeaderCell.swift */ = {isa = PBXFileReference; lastKnownFileType = sourcecode.swift; path = SettingsHeaderCell.swift; sourceTree = "<group>"; };
		9A2092D62A3C822F00184124 /* LearnyLocalV2.xcdatamodel */ = {isa = PBXFileReference; lastKnownFileType = wrapper.xcdatamodel; path = LearnyLocalV2.xcdatamodel; sourceTree = "<group>"; };
		9A3825EB2ABB284E00113AAD /* Tutorial.swift */ = {isa = PBXFileReference; lastKnownFileType = sourcecode.swift; path = Tutorial.swift; sourceTree = "<group>"; };
		9A3B83432AAE24850093060E /* GameDetailsViewModel.swift */ = {isa = PBXFileReference; lastKnownFileType = sourcecode.swift; path = GameDetailsViewModel.swift; sourceTree = "<group>"; };
		9A4D21192AB0B74400EA9196 /* CustomNavigationController.swift */ = {isa = PBXFileReference; lastKnownFileType = sourcecode.swift; path = CustomNavigationController.swift; sourceTree = "<group>"; };
		9A5641FE2A5D779400027BCD /* EditViewModel.swift */ = {isa = PBXFileReference; lastKnownFileType = sourcecode.swift; path = EditViewModel.swift; sourceTree = "<group>"; };
		9A5D51D22A67E05300F85720 /* AddWordsViewModel.swift */ = {isa = PBXFileReference; lastKnownFileType = sourcecode.swift; path = AddWordsViewModel.swift; sourceTree = "<group>"; };
		9A5D51D42A6808CC00F85720 /* DetailsViewModel.swift */ = {isa = PBXFileReference; lastKnownFileType = sourcecode.swift; path = DetailsViewModel.swift; sourceTree = "<group>"; };
		9A5D51D62A680EED00F85720 /* CoreDataCustomErrors.swift */ = {isa = PBXFileReference; lastKnownFileType = sourcecode.swift; path = CoreDataCustomErrors.swift; sourceTree = "<group>"; };
		9A5D51D82A680F4E00F85720 /* CoreDataChangeTypes.swift */ = {isa = PBXFileReference; lastKnownFileType = sourcecode.swift; path = CoreDataChangeTypes.swift; sourceTree = "<group>"; };
		9A75413C2A70042D0064BE4E /* SearchViewModel.swift */ = {isa = PBXFileReference; lastKnownFileType = sourcecode.swift; path = SearchViewModel.swift; sourceTree = "<group>"; };
		9A77B0212AD58960006DA151 /* ExceptionsVC.swift */ = {isa = PBXFileReference; lastKnownFileType = sourcecode.swift; path = ExceptionsVC.swift; sourceTree = "<group>"; };
		9A77B0232AD58974006DA151 /* ExceptionsViewModel.swift */ = {isa = PBXFileReference; lastKnownFileType = sourcecode.swift; path = ExceptionsViewModel.swift; sourceTree = "<group>"; };
		9A77B0252AD6C94A006DA151 /* ExceptionExampleView.swift */ = {isa = PBXFileReference; lastKnownFileType = sourcecode.swift; path = ExceptionExampleView.swift; sourceTree = "<group>"; };
		9A7B91C2298D6D9600E60CDD /* Learny.app */ = {isa = PBXFileReference; explicitFileType = wrapper.application; includeInIndex = 0; path = Learny.app; sourceTree = BUILT_PRODUCTS_DIR; };
		9A7B91C5298D6D9600E60CDD /* AppDelegate.swift */ = {isa = PBXFileReference; lastKnownFileType = sourcecode.swift; path = AppDelegate.swift; sourceTree = "<group>"; };
		9A7B91C7298D6D9600E60CDD /* SceneDelegate.swift */ = {isa = PBXFileReference; lastKnownFileType = sourcecode.swift; path = SceneDelegate.swift; sourceTree = "<group>"; };
		9A7B91CE298D6D9900E60CDD /* Assets.xcassets */ = {isa = PBXFileReference; lastKnownFileType = folder.assetcatalog; path = Assets.xcassets; sourceTree = "<group>"; };
		9A7B91D8298D6D9900E60CDD /* LanguageTests.xctest */ = {isa = PBXFileReference; explicitFileType = wrapper.cfbundle; includeInIndex = 0; path = LanguageTests.xctest; sourceTree = BUILT_PRODUCTS_DIR; };
		9A7B91DC298D6D9900E60CDD /* LanguageTests.swift */ = {isa = PBXFileReference; lastKnownFileType = sourcecode.swift; path = LanguageTests.swift; sourceTree = "<group>"; };
		9A7B91E2298D6D9A00E60CDD /* LanguageUITests.xctest */ = {isa = PBXFileReference; explicitFileType = wrapper.cfbundle; includeInIndex = 0; path = LanguageUITests.xctest; sourceTree = BUILT_PRODUCTS_DIR; };
		9A7B91E6298D6D9A00E60CDD /* LanguageUITests.swift */ = {isa = PBXFileReference; lastKnownFileType = sourcecode.swift; path = LanguageUITests.swift; sourceTree = "<group>"; };
		9A7B91E8298D6D9A00E60CDD /* LanguageUITestsLaunchTests.swift */ = {isa = PBXFileReference; lastKnownFileType = sourcecode.swift; path = LanguageUITestsLaunchTests.swift; sourceTree = "<group>"; };
		9A7E9F922AA5F06600C702B4 /* StatisticViewModel.swift */ = {isa = PBXFileReference; lastKnownFileType = sourcecode.swift; path = StatisticViewModel.swift; sourceTree = "<group>"; };
		9A8284072ABDF2890071D4D7 /* TutorialSecondPart.swift */ = {isa = PBXFileReference; lastKnownFileType = sourcecode.swift; path = TutorialSecondPart.swift; sourceTree = "<group>"; };
		9A8284112AC45CB50071D4D7 /* TutorialAccessView.swift */ = {isa = PBXFileReference; lastKnownFileType = sourcecode.swift; path = TutorialAccessView.swift; sourceTree = "<group>"; };
		9A8284132AC70FA70071D4D7 /* TutorialInformationView.swift */ = {isa = PBXFileReference; lastKnownFileType = sourcecode.swift; path = TutorialInformationView.swift; sourceTree = "<group>"; };
		9A883CE22A6C65D7008682F3 /* UIView Extensions.swift */ = {isa = PBXFileReference; lastKnownFileType = sourcecode.swift; path = "UIView Extensions.swift"; sourceTree = "<group>"; };
		9A883CE52A6C68E0008682F3 /* DictionariesLogsConverter.swift */ = {isa = PBXFileReference; lastKnownFileType = sourcecode.swift; path = DictionariesLogsConverter.swift; sourceTree = "<group>"; };
		9A883CE72A6C6BC1008682F3 /* CoreData_Dictionary.swift */ = {isa = PBXFileReference; lastKnownFileType = sourcecode.swift; path = CoreData_Dictionary.swift; sourceTree = "<group>"; };
		9A883CE92A6D375B008682F3 /* CoreData_Words.swift */ = {isa = PBXFileReference; lastKnownFileType = sourcecode.swift; path = CoreData_Words.swift; sourceTree = "<group>"; };
		9A883CEB2A6D37C4008682F3 /* CoreData_Logs.swift */ = {isa = PBXFileReference; lastKnownFileType = sourcecode.swift; path = CoreData_Logs.swift; sourceTree = "<group>"; };
		9A883CED2A6EA0A6008682F3 /* StatisticCellViewModel.swift */ = {isa = PBXFileReference; lastKnownFileType = sourcecode.swift; path = StatisticCellViewModel.swift; sourceTree = "<group>"; };
		9A9077592A9CB83D00C88DD3 /* PieStatisticView.swift */ = {isa = PBXFileReference; lastKnownFileType = sourcecode.swift; path = PieStatisticView.swift; sourceTree = "<group>"; };
		9A912FC52A06BB540004A91A /* NotificationTextCell.swift */ = {isa = PBXFileReference; lastKnownFileType = sourcecode.swift; path = NotificationTextCell.swift; sourceTree = "<group>"; };
		9A94B9582A5EB1FA00DF6E4C /* Launch Screen.storyboard */ = {isa = PBXFileReference; lastKnownFileType = file.storyboard; path = "Launch Screen.storyboard"; sourceTree = "<group>"; };
		9A94B95A2A5ED84900DF6E4C /* MenuStatisticView.swift */ = {isa = PBXFileReference; lastKnownFileType = sourcecode.swift; path = MenuStatisticView.swift; sourceTree = "<group>"; };
		9A9970FB29D9D661007EE635 /* SearchView.swift */ = {isa = PBXFileReference; lastKnownFileType = sourcecode.swift; path = SearchView.swift; sourceTree = "<group>"; };
		9A9970FD29DB2D86007EE635 /* LaunchAnimation.swift */ = {isa = PBXFileReference; lastKnownFileType = sourcecode.swift; path = LaunchAnimation.swift; sourceTree = "<group>"; };
		9A999CA62A7DA4050017C30C /* NotificationDayPicker.swift */ = {isa = PBXFileReference; lastKnownFileType = sourcecode.swift; path = NotificationDayPicker.swift; sourceTree = "<group>"; };
		9AA61BEE2A616D3100FACAD2 /* AddDictionaryViewModel.swift */ = {isa = PBXFileReference; lastKnownFileType = sourcecode.swift; path = AddDictionaryViewModel.swift; sourceTree = "<group>"; };
		9AA6C4E42AB621AA0094F8D5 /* SearchToolBarView.swift */ = {isa = PBXFileReference; lastKnownFileType = sourcecode.swift; path = SearchToolBarView.swift; sourceTree = "<group>"; };
		9AA71C5A29C20894008A193B /* MainGameVC.swift */ = {isa = PBXFileReference; lastKnownFileType = sourcecode.swift; path = MainGameVC.swift; sourceTree = "<group>"; };
		9AA71C6029C34EA8008A193B /* CollectionViewLastCell.swift */ = {isa = PBXFileReference; lastKnownFileType = sourcecode.swift; path = CollectionViewLastCell.swift; sourceTree = "<group>"; };
		9AA71C6729C9CE9B008A193B /* CollectionViewCell.swift */ = {isa = PBXFileReference; lastKnownFileType = sourcecode.swift; path = CollectionViewCell.swift; sourceTree = "<group>"; };
		9AA7AB5329AE3CF400CCC9F4 /* Extensions.swift */ = {isa = PBXFileReference; lastKnownFileType = sourcecode.swift; path = Extensions.swift; sourceTree = "<group>"; };
		9AABAEAB2A8527060032C008 /* UIFont Extensions.swift */ = {isa = PBXFileReference; lastKnownFileType = sourcecode.swift; path = "UIFont Extensions.swift"; sourceTree = "<group>"; };
		9AABAEAF2A87D3E00032C008 /* TextInputView.swift */ = {isa = PBXFileReference; lastKnownFileType = sourcecode.swift; path = TextInputView.swift; sourceTree = "<group>"; };
		9AABAEB12A88E5D40032C008 /* SettingsViewModel.swift */ = {isa = PBXFileReference; lastKnownFileType = sourcecode.swift; path = SettingsViewModel.swift; sourceTree = "<group>"; };
		9AAC8A062A88E9E00068828C /* CustomUserDefaults.swift */ = {isa = PBXFileReference; lastKnownFileType = sourcecode.swift; path = CustomUserDefaults.swift; sourceTree = "<group>"; };
		9AADA5132A8C48280044708E /* SeparatorsViewModel.swift */ = {isa = PBXFileReference; lastKnownFileType = sourcecode.swift; path = SeparatorsViewModel.swift; sourceTree = "<group>"; };
		9AADA5152A8E298C0044708E /* SeparatorsExampleView.swift */ = {isa = PBXFileReference; lastKnownFileType = sourcecode.swift; path = SeparatorsExampleView.swift; sourceTree = "<group>"; };
		9AAECFBD29B5052F00439C0B /* SettingsVC.swift */ = {isa = PBXFileReference; lastKnownFileType = sourcecode.swift; path = SettingsVC.swift; sourceTree = "<group>"; };
		9AAECFC129B50A5300439C0B /* AddWordsView.swift */ = {isa = PBXFileReference; lastKnownFileType = sourcecode.swift; path = AddWordsView.swift; sourceTree = "<group>"; };
		9AB039D52A9175A6003FE10C /* CustomSearchBar.swift */ = {isa = PBXFileReference; lastKnownFileType = sourcecode.swift; path = CustomSearchBar.swift; sourceTree = "<group>"; };
		9AB2453E29E8556100E05E59 /* NotificationSwitchCell.swift */ = {isa = PBXFileReference; lastKnownFileType = sourcecode.swift; path = NotificationSwitchCell.swift; sourceTree = "<group>"; };
		9AB40FF129CC6A9D00353FFC /* MenuDictionaryCell.swift */ = {isa = PBXFileReference; lastKnownFileType = sourcecode.swift; path = MenuDictionaryCell.swift; sourceTree = "<group>"; };
		9AB43A1529F3E72D00984350 /* SearchViewCell.swift */ = {isa = PBXFileReference; lastKnownFileType = sourcecode.swift; path = SearchViewCell.swift; sourceTree = "<group>"; };
		9AB43A1829F40EA000984350 /* LearnyLocal.xcdatamodel */ = {isa = PBXFileReference; lastKnownFileType = wrapper.xcdatamodel; path = LearnyLocal.xcdatamodel; sourceTree = "<group>"; };
		9AB43A3529F4695B00984350 /* CoreDataMethods.swift */ = {isa = PBXFileReference; lastKnownFileType = sourcecode.swift; path = CoreDataMethods.swift; sourceTree = "<group>"; };
		9AB9A95E29FD70A800694FE8 /* SeparatorsCell.swift */ = {isa = PBXFileReference; lastKnownFileType = sourcecode.swift; path = SeparatorsCell.swift; sourceTree = "<group>"; };
		9AB9A96029FD71F000694FE8 /* SeparatorsView.swift */ = {isa = PBXFileReference; lastKnownFileType = sourcecode.swift; path = SeparatorsView.swift; sourceTree = "<group>"; };
		9ABAEE162A72B7950065494A /* NotificationViewModel.swift */ = {isa = PBXFileReference; lastKnownFileType = sourcecode.swift; path = NotificationViewModel.swift; sourceTree = "<group>"; };
		9ABAEE1B2A79BFA10065494A /* NotificationView.swift */ = {isa = PBXFileReference; lastKnownFileType = sourcecode.swift; path = NotificationView.swift; sourceTree = "<group>"; };
		9ABC83A32A582C3F00E630F5 /* MenuView.swift */ = {isa = PBXFileReference; lastKnownFileType = sourcecode.swift; path = MenuView.swift; sourceTree = "<group>"; };
		9ABC83A52A582C5600E630F5 /* MenuViewModel.swift */ = {isa = PBXFileReference; lastKnownFileType = sourcecode.swift; path = MenuViewModel.swift; sourceTree = "<group>"; };
		9AD4E2422A950862009090EA /* GameViewModel.swift */ = {isa = PBXFileReference; lastKnownFileType = sourcecode.swift; path = GameViewModel.swift; sourceTree = "<group>"; };
		9AD4E2442A960163009090EA /* InformationView.swift */ = {isa = PBXFileReference; lastKnownFileType = sourcecode.swift; path = InformationView.swift; sourceTree = "<group>"; };
		9AD4E2462A963A89009090EA /* ViewModelFactory.swift */ = {isa = PBXFileReference; lastKnownFileType = sourcecode.swift; path = ViewModelFactory.swift; sourceTree = "<group>"; };
		9AE34A772A115DD300F8BB65 /* GameDetailsVC.swift */ = {isa = PBXFileReference; lastKnownFileType = sourcecode.swift; path = GameDetailsVC.swift; sourceTree = "<group>"; };
		9AE509342997C07700D86DD7 /* AddDictionaryView.swift */ = {isa = PBXFileReference; lastKnownFileType = sourcecode.swift; path = AddDictionaryView.swift; sourceTree = "<group>"; };
		9AF756872AAA514200CE3B25 /* StatisticLogsConverter.swift */ = {isa = PBXFileReference; lastKnownFileType = sourcecode.swift; path = StatisticLogsConverter.swift; sourceTree = "<group>"; };
		9AFFCE7A299D073D00C12B94 /* MenuAddDictionaryCell.swift */ = {isa = PBXFileReference; lastKnownFileType = sourcecode.swift; path = MenuAddDictionaryCell.swift; sourceTree = "<group>"; };
		9AFFCE7C299E747400C12B94 /* StatisticView.swift */ = {isa = PBXFileReference; lastKnownFileType = sourcecode.swift; path = StatisticView.swift; sourceTree = "<group>"; };
		9AFFCE8029A4DFEE00C12B94 /* DetailsView.swift */ = {isa = PBXFileReference; lastKnownFileType = sourcecode.swift; path = DetailsView.swift; sourceTree = "<group>"; };
/* End PBXFileReference section */

/* Begin PBXFrameworksBuildPhase section */
		9A7B91BF298D6D9600E60CDD /* Frameworks */ = {
			isa = PBXFrameworksBuildPhase;
			buildActionMask = 2147483647;
			files = (
			);
			runOnlyForDeploymentPostprocessing = 0;
		};
		9A7B91D5298D6D9900E60CDD /* Frameworks */ = {
			isa = PBXFrameworksBuildPhase;
			buildActionMask = 2147483647;
			files = (
			);
			runOnlyForDeploymentPostprocessing = 0;
		};
		9A7B91DF298D6D9A00E60CDD /* Frameworks */ = {
			isa = PBXFrameworksBuildPhase;
			buildActionMask = 2147483647;
			files = (
			);
			runOnlyForDeploymentPostprocessing = 0;
		};
/* End PBXFrameworksBuildPhase section */

/* Begin PBXGroup section */
		089F83AA2D17048E0093800B /* Non-Used */ = {
			isa = PBXGroup;
			children = (
				9A3825EB2ABB284E00113AAD /* Tutorial.swift */,
				9A8284072ABDF2890071D4D7 /* TutorialSecondPart.swift */,
				9A5641FB2A5D758A00027BCD /* AddWords */,
				082495982D159A1D00435AE1 /* TableViewCells.swift */,
				9A94B95A2A5ED84900DF6E4C /* MenuStatisticView.swift */,
				9A883CED2A6EA0A6008682F3 /* StatisticCellViewModel.swift */,
			);
			path = "Non-Used";
			sourceTree = "<group>";
		};
		089F83AC2D1C62EF0093800B /* DetailsSubviews */ = {
			isa = PBXGroup;
			children = (
				08C097F62CDD072A00ED875A /* TimedDetailView.swift */,
			);
			path = DetailsSubviews;
			sourceTree = "<group>";
		};
		08BCAF6C2D32A6300062F490 /* AddWords */ = {
			isa = PBXGroup;
			children = (
				086854EA2CE5064900CBB618 /* AddWordsPartitialController.swift */,
				9A5D51D22A67E05300F85720 /* AddWordsViewModel.swift */,
			);
			path = AddWords;
			sourceTree = "<group>";
		};
		193AA18A94BF67BB62C02EA7 /* Pods */ = {
			isa = PBXGroup;
			children = (
			);
			path = Pods;
			sourceTree = "<group>";
		};
		7D9DB26A2AFF76CC006DE537 /* EditSubviews */ = {
			isa = PBXGroup;
			children = (
				9AA6C4E42AB621AA0094F8D5 /* SearchToolBarView.swift */,
			);
			path = EditSubviews;
			sourceTree = "<group>";
		};
		9A3825EF2ABB5F6F00113AAD /* TutorialSubviews */ = {
			isa = PBXGroup;
			children = (
				9A8284112AC45CB50071D4D7 /* TutorialAccessView.swift */,
				9A8284132AC70FA70071D4D7 /* TutorialInformationView.swift */,
			);
			path = TutorialSubviews;
			sourceTree = "<group>";
		};
		9A5641F82A5D744900027BCD /* Model */ = {
			isa = PBXGroup;
			children = (
				9AAC8A062A88E9E00068828C /* CustomUserDefaults.swift */,
				9A883CE42A6C6889008682F3 /* CoreData_Methods */,
				9AB43A1A29F4669900984350 /* CoreData_Subclass */,
			);
			path = Model;
			sourceTree = "<group>";
		};
		9A5641F92A5D750400027BCD /* Edit */ = {
			isa = PBXGroup;
			children = (
				9A02B2852A38993F00652FC3 /* EditView.swift */,
				9A5641FE2A5D779400027BCD /* EditViewModel.swift */,
				7D9DB26A2AFF76CC006DE537 /* EditSubviews */,
			);
			path = Edit;
			sourceTree = "<group>";
		};
		9A5641FA2A5D756800027BCD /* AddDictionary */ = {
			isa = PBXGroup;
			children = (
				9AE509342997C07700D86DD7 /* AddDictionaryView.swift */,
				9AA61BEE2A616D3100FACAD2 /* AddDictionaryViewModel.swift */,
			);
			path = AddDictionary;
			sourceTree = "<group>";
		};
		9A5641FB2A5D758A00027BCD /* AddWords */ = {
			isa = PBXGroup;
			children = (
				9AAECFC129B50A5300439C0B /* AddWordsView.swift */,
			);
			path = AddWords;
			sourceTree = "<group>";
		};
		9A5641FC2A5D759E00027BCD /* Details */ = {
			isa = PBXGroup;
			children = (
				9AFFCE8029A4DFEE00C12B94 /* DetailsView.swift */,
				9A5D51D42A6808CC00F85720 /* DetailsViewModel.swift */,
				08BCAF6C2D32A6300062F490 /* AddWords */,
				089F83AC2D1C62EF0093800B /* DetailsSubviews */,
			);
			path = Details;
			sourceTree = "<group>";
		};
		9A5641FD2A5D75AD00027BCD /* Settings */ = {
			isa = PBXGroup;
			children = (
				9AAECFBD29B5052F00439C0B /* SettingsVC.swift */,
				9AABAEB12A88E5D40032C008 /* SettingsViewModel.swift */,
				9A77B0202AD588B3006DA151 /* Exceptions */,
				9AB039D22A9154CF003FE10C /* SettingsSubviews */,
				9A5642032A5E153300027BCD /* Separators */,
				9A5642022A5E151300027BCD /* Notification */,
			);
			path = Settings;
			sourceTree = "<group>";
		};
		9A5642022A5E151300027BCD /* Notification */ = {
			isa = PBXGroup;
			children = (
				9ABAEE1B2A79BFA10065494A /* NotificationView.swift */,
				9ABAEE162A72B7950065494A /* NotificationViewModel.swift */,
				9ABAEE182A72BBCB0065494A /* NotificationSubviews */,
			);
			path = Notification;
			sourceTree = "<group>";
		};
		9A5642032A5E153300027BCD /* Separators */ = {
			isa = PBXGroup;
			children = (
				9AB9A96029FD71F000694FE8 /* SeparatorsView.swift */,
				9AADA5132A8C48280044708E /* SeparatorsViewModel.swift */,
				9AB039D42A915524003FE10C /* SeparatorsSubviews */,
			);
			path = Separators;
			sourceTree = "<group>";
		};
		9A5642042A5E155000027BCD /* Search */ = {
			isa = PBXGroup;
			children = (
				9A9970FB29D9D661007EE635 /* SearchView.swift */,
				9A75413C2A70042D0064BE4E /* SearchViewModel.swift */,
				9AB43A1429F3E6D400984350 /* SearchSubviews */,
			);
			path = Search;
			sourceTree = "<group>";
		};
		9A5642052A5E157800027BCD /* Game */ = {
			isa = PBXGroup;
			children = (
				9AA71C5A29C20894008A193B /* MainGameVC.swift */,
				9AD4E2422A950862009090EA /* GameViewModel.swift */,
				9AA71C6229C34EB5008A193B /* GameSubviews */,
				9A5642062A5E158800027BCD /* GameDetails */,
			);
			path = Game;
			sourceTree = "<group>";
		};
		9A5642062A5E158800027BCD /* GameDetails */ = {
			isa = PBXGroup;
			children = (
				9AE34A772A115DD300F8BB65 /* GameDetailsVC.swift */,
				9A3B83432AAE24850093060E /* GameDetailsViewModel.swift */,
				9AD4E2442A960163009090EA /* InformationView.swift */,
			);
			path = GameDetails;
			sourceTree = "<group>";
		};
		9A5642072A5E15AB00027BCD /* Statistic */ = {
			isa = PBXGroup;
			children = (
				9AFFCE7C299E747400C12B94 /* StatisticView.swift */,
				9A7E9F922AA5F06600C702B4 /* StatisticViewModel.swift */,
				9AF756892AAB4E0500CE3B25 /* StatisticSubviews */,
			);
			path = Statistic;
			sourceTree = "<group>";
		};
		9A77B0202AD588B3006DA151 /* Exceptions */ = {
			isa = PBXGroup;
			children = (
				9A77B0212AD58960006DA151 /* ExceptionsVC.swift */,
				9A77B0232AD58974006DA151 /* ExceptionsViewModel.swift */,
				9A77B0252AD6C94A006DA151 /* ExceptionExampleView.swift */,
			);
			path = Exceptions;
			sourceTree = "<group>";
		};
		9A7B91B9298D6D9600E60CDD = {
			isa = PBXGroup;
			children = (
				9A7B91C4298D6D9600E60CDD /* Language */,
				9A7B91DB298D6D9900E60CDD /* LanguageTests */,
				9A7B91E5298D6D9A00E60CDD /* LanguageUITests */,
				9A7B91C3298D6D9600E60CDD /* Products */,
				193AA18A94BF67BB62C02EA7 /* Pods */,
			);
			sourceTree = "<group>";
		};
		9A7B91C3298D6D9600E60CDD /* Products */ = {
			isa = PBXGroup;
			children = (
				9A7B91C2298D6D9600E60CDD /* Learny.app */,
				9A7B91D8298D6D9900E60CDD /* LanguageTests.xctest */,
				9A7B91E2298D6D9A00E60CDD /* LanguageUITests.xctest */,
			);
			name = Products;
			sourceTree = "<group>";
		};
		9A7B91C4298D6D9600E60CDD /* Language */ = {
			isa = PBXGroup;
			children = (
				9A7B91C5298D6D9600E60CDD /* AppDelegate.swift */,
				9A7B91C7298D6D9600E60CDD /* SceneDelegate.swift */,
				9AB40FF029CC534600353FFC /* View-ViewModel */,
				9A5641F82A5D744900027BCD /* Model */,
				9A1F67CA29DFFD39003993C5 /* Localizable.strings */,
				9A94B9572A5E178600DF6E4C /* Related */,
				9A94B9562A5E176100DF6E4C /* Extentions */,
				7D59FEBB2B07925B00FAD332 /* Settings.bundle */,
			);
			path = Language;
			sourceTree = "<group>";
		};
		9A7B91DB298D6D9900E60CDD /* LanguageTests */ = {
			isa = PBXGroup;
			children = (
				9A7B91DC298D6D9900E60CDD /* LanguageTests.swift */,
			);
			path = LanguageTests;
			sourceTree = "<group>";
		};
		9A7B91E5298D6D9A00E60CDD /* LanguageUITests */ = {
			isa = PBXGroup;
			children = (
				9A7B91E6298D6D9A00E60CDD /* LanguageUITests.swift */,
				9A7B91E8298D6D9A00E60CDD /* LanguageUITestsLaunchTests.swift */,
			);
			path = LanguageUITests;
			sourceTree = "<group>";
		};
		9A8284102AC45C2A0071D4D7 /* TutorialViews */ = {
			isa = PBXGroup;
			children = (
				0836F0652D5B4D8300B78F88 /* TutorialVC.swift */,
				9A3825EF2ABB5F6F00113AAD /* TutorialSubviews */,
			);
			path = TutorialViews;
			sourceTree = "<group>";
		};
		9A883CE42A6C6889008682F3 /* CoreData_Methods */ = {
			isa = PBXGroup;
			children = (
				9A5D51D62A680EED00F85720 /* CoreDataCustomErrors.swift */,
				9A5D51D82A680F4E00F85720 /* CoreDataChangeTypes.swift */,
				9AB43A3529F4695B00984350 /* CoreDataMethods.swift */,
				08C6654A2C80D35400427BA5 /* CoreData_Settings.swift */,
				9A883CEB2A6D37C4008682F3 /* CoreData_Logs.swift */,
				9A883CE92A6D375B008682F3 /* CoreData_Words.swift */,
				9A883CE72A6C6BC1008682F3 /* CoreData_Dictionary.swift */,
			);
			path = CoreData_Methods;
			sourceTree = "<group>";
		};
		9A94B9562A5E176100DF6E4C /* Extentions */ = {
			isa = PBXGroup;
			children = (
				9AA7AB5329AE3CF400CCC9F4 /* Extensions.swift */,
				9AABAEAB2A8527060032C008 /* UIFont Extensions.swift */,
				9A883CE22A6C65D7008682F3 /* UIView Extensions.swift */,
				7D3C3F9E2B1745A200025234 /* UIVC Extension.swift */,
				7D3C3FA02B17462500025234 /* UIColor Extension.swift */,
				7D3C3FA22B17467B00025234 /* UIButton Extension.swift */,
			);
			path = Extentions;
			sourceTree = "<group>";
		};
		9A94B9572A5E178600DF6E4C /* Related */ = {
			isa = PBXGroup;
			children = (
				089F83AA2D17048E0093800B /* Non-Used */,
				9A7B91CE298D6D9900E60CDD /* Assets.xcassets */,
				08594B0B2B39A95A004A1398 /* Learny.workspace.xcworkspace */,
				9A9970FD29DB2D86007EE635 /* LaunchAnimation.swift */,
				9A1F67CE29E166C4003993C5 /* LanguageChangeManager.swift */,
				0887CB482D3B962000BACA7C /* DataUpdateManager.swift */,
				08B80D0F2B924FC300768784 /* FontChangeManager.swift */,
				9A883CE52A6C68E0008682F3 /* DictionariesLogsConverter.swift */,
				9AF756872AAA514200CE3B25 /* StatisticLogsConverter.swift */,
				9A94B9582A5EB1FA00DF6E4C /* Launch Screen.storyboard */,
				9AABAEAF2A87D3E00032C008 /* TextInputView.swift */,
				7DB5A5AD2AF8D7FE003B0E0A /* HiglightLayoutManager.swift */,
				9AD4E2462A963A89009090EA /* ViewModelFactory.swift */,
				9A4D21192AB0B74400EA9196 /* CustomNavigationController.swift */,
				0873A1BF2CE62D730048D012 /* CountdownBarButton.swift */,
				08DA98B02D00AEE8007A3C00 /* CustomTableViewDelegate.swift */,
				0825FE8B2D536DC0000C2114 /* TypingEffectAnimation.swift */,
			);
			path = Related;
			sourceTree = "<group>";
		};
		9AA71C6229C34EB5008A193B /* GameSubviews */ = {
			isa = PBXGroup;
			children = (
				9AA71C6729C9CE9B008A193B /* CollectionViewCell.swift */,
				9AA71C6029C34EA8008A193B /* CollectionViewLastCell.swift */,
				08C7E7052D3536E2006E6C55 /* PopUpTimerView.swift */,
				081EB2332D47A9AA00D518C9 /* GameCollectionViewLayout.swift */,
			);
			path = GameSubviews;
			sourceTree = "<group>";
		};
		9AB039D22A9154CF003FE10C /* SettingsSubviews */ = {
			isa = PBXGroup;
			children = (
				9A1F67D329E3F69A003993C5 /* SettingsHeaderCell.swift */,
				9A0BD53929DC531F00845328 /* SettingsTextCell.swift */,
				9A1F67D029E18BBE003993C5 /* SettingsImageCell.swift */,
			);
			path = SettingsSubviews;
			sourceTree = "<group>";
		};
		9AB039D42A915524003FE10C /* SeparatorsSubviews */ = {
			isa = PBXGroup;
			children = (
				9AB9A95E29FD70A800694FE8 /* SeparatorsCell.swift */,
				9AADA5152A8E298C0044708E /* SeparatorsExampleView.swift */,
			);
			path = SeparatorsSubviews;
			sourceTree = "<group>";
		};
		9AB40FF029CC534600353FFC /* View-ViewModel */ = {
			isa = PBXGroup;
			children = (
				9A8284102AC45C2A0071D4D7 /* TutorialViews */,
				9ABC83A22A582C0D00E630F5 /* Menu */,
				9A5642072A5E15AB00027BCD /* Statistic */,
				9A5641F92A5D750400027BCD /* Edit */,
				9A5641FA2A5D756800027BCD /* AddDictionary */,
				9A5641FC2A5D759E00027BCD /* Details */,
				9A5642042A5E155000027BCD /* Search */,
				9A5641FD2A5D75AD00027BCD /* Settings */,
				9A5642052A5E157800027BCD /* Game */,
			);
			path = "View-ViewModel";
			sourceTree = "<group>";
		};
		9AB43A1429F3E6D400984350 /* SearchSubviews */ = {
			isa = PBXGroup;
			children = (
				9AB43A1529F3E72D00984350 /* SearchViewCell.swift */,
				08AD928A2D4BA5330077BAD9 /* SearchViewHeaderCell.swift */,
				9AB039D52A9175A6003FE10C /* CustomSearchBar.swift */,
				08CEFF1E2D4E6AF300E6DF82 /* SearchCellDetailedView.swift */,
			);
			path = SearchSubviews;
			sourceTree = "<group>";
		};
		9AB43A1A29F4669900984350 /* CoreData_Subclass */ = {
			isa = PBXGroup;
			children = (
				08C6653A2C80D23000427BA5 /* DictionariesSettings+CoreDataClass.swift */,
				08C6653B2C80D23000427BA5 /* DictionariesSettings+CoreDataProperties.swift */,
				08C6653C2C80D23000427BA5 /* DictionariesAccessLog+CoreDataClass.swift */,
				08C6653D2C80D23000427BA5 /* DictionariesAccessLog+CoreDataProperties.swift */,
				08C6653E2C80D23000427BA5 /* WordsEntity+CoreDataClass.swift */,
				08C6653F2C80D23000427BA5 /* WordsEntity+CoreDataProperties.swift */,
				08C665402C80D23100427BA5 /* DictionariesEntity+CoreDataClass.swift */,
				08C665412C80D23100427BA5 /* DictionariesEntity+CoreDataProperties.swift */,
				9AB43A1729F40EA000984350 /* LearnyLocal.xcdatamodeld */,
			);
			path = CoreData_Subclass;
			sourceTree = "<group>";
		};
		9ABAEE182A72BBCB0065494A /* NotificationSubviews */ = {
			isa = PBXGroup;
			children = (
				9A999CA62A7DA4050017C30C /* NotificationDayPicker.swift */,
				9AB2453E29E8556100E05E59 /* NotificationSwitchCell.swift */,
				9A912FC52A06BB540004A91A /* NotificationTextCell.swift */,
			);
			path = NotificationSubviews;
			sourceTree = "<group>";
		};
		9ABC83A22A582C0D00E630F5 /* Menu */ = {
			isa = PBXGroup;
			children = (
				9ABC83A32A582C3F00E630F5 /* MenuView.swift */,
				9ABC83A52A582C5600E630F5 /* MenuViewModel.swift */,
				9AFFCE7F299E7DC400C12B94 /* MenuSubviews */,
			);
			path = Menu;
			sourceTree = "<group>";
		};
		9AF756892AAB4E0500CE3B25 /* StatisticSubviews */ = {
			isa = PBXGroup;
			children = (
				9A02AA5F2AA2040700644820 /* PickerCallView.swift */,
				9A9077592A9CB83D00C88DD3 /* PieStatisticView.swift */,
				9A02AA5B2AA0B47100644820 /* StatisticViewCell.swift */,
				08EA16F52CFB1E3A00E1CA56 /* StatisticViewSelectedCell.swift */,
			);
			path = StatisticSubviews;
			sourceTree = "<group>";
		};
		9AFFCE7F299E7DC400C12B94 /* MenuSubviews */ = {
			isa = PBXGroup;
			children = (
				9AB40FF129CC6A9D00353FFC /* MenuDictionaryCell.swift */,
				9AFFCE7A299D073D00C12B94 /* MenuAddDictionaryCell.swift */,
			);
			path = MenuSubviews;
			sourceTree = "<group>";
		};
/* End PBXGroup section */

/* Begin PBXNativeTarget section */
		9A7B91C1298D6D9600E60CDD /* Learny */ = {
			isa = PBXNativeTarget;
			buildConfigurationList = 9A7B91EC298D6D9A00E60CDD /* Build configuration list for PBXNativeTarget "Learny" */;
			buildPhases = (
				9A7B91BE298D6D9600E60CDD /* Sources */,
				9A7B91BF298D6D9600E60CDD /* Frameworks */,
				9A7B91C0298D6D9600E60CDD /* Resources */,
			);
			buildRules = (
			);
			dependencies = (
			);
			name = Learny;
			productName = Language;
			productReference = 9A7B91C2298D6D9600E60CDD /* Learny.app */;
			productType = "com.apple.product-type.application";
		};
		9A7B91D7298D6D9900E60CDD /* LanguageTests */ = {
			isa = PBXNativeTarget;
			buildConfigurationList = 9A7B91EF298D6D9A00E60CDD /* Build configuration list for PBXNativeTarget "LanguageTests" */;
			buildPhases = (
				9A7B91D4298D6D9900E60CDD /* Sources */,
				9A7B91D5298D6D9900E60CDD /* Frameworks */,
				9A7B91D6298D6D9900E60CDD /* Resources */,
			);
			buildRules = (
			);
			dependencies = (
				9A7B91DA298D6D9900E60CDD /* PBXTargetDependency */,
			);
			name = LanguageTests;
			productName = LanguageTests;
			productReference = 9A7B91D8298D6D9900E60CDD /* LanguageTests.xctest */;
			productType = "com.apple.product-type.bundle.unit-test";
		};
		9A7B91E1298D6D9A00E60CDD /* LanguageUITests */ = {
			isa = PBXNativeTarget;
			buildConfigurationList = 9A7B91F2298D6D9A00E60CDD /* Build configuration list for PBXNativeTarget "LanguageUITests" */;
			buildPhases = (
				9A7B91DE298D6D9A00E60CDD /* Sources */,
				9A7B91DF298D6D9A00E60CDD /* Frameworks */,
				9A7B91E0298D6D9A00E60CDD /* Resources */,
			);
			buildRules = (
			);
			dependencies = (
				9A7B91E4298D6D9A00E60CDD /* PBXTargetDependency */,
			);
			name = LanguageUITests;
			productName = LanguageUITests;
			productReference = 9A7B91E2298D6D9A00E60CDD /* LanguageUITests.xctest */;
			productType = "com.apple.product-type.bundle.ui-testing";
		};
/* End PBXNativeTarget section */

/* Begin PBXProject section */
		9A7B91BA298D6D9600E60CDD /* Project object */ = {
			isa = PBXProject;
			attributes = {
				BuildIndependentTargetsInParallel = 1;
				LastSwiftUpdateCheck = 1410;
				LastUpgradeCheck = 1410;
				TargetAttributes = {
					9A7B91C1298D6D9600E60CDD = {
						CreatedOnToolsVersion = 14.1;
					};
					9A7B91D7298D6D9900E60CDD = {
						CreatedOnToolsVersion = 14.1;
						TestTargetID = 9A7B91C1298D6D9600E60CDD;
					};
					9A7B91E1298D6D9A00E60CDD = {
						CreatedOnToolsVersion = 14.1;
						TestTargetID = 9A7B91C1298D6D9600E60CDD;
					};
				};
			};
			buildConfigurationList = 9A7B91BD298D6D9600E60CDD /* Build configuration list for PBXProject "Learny" */;
			compatibilityVersion = "Xcode 14.0";
			developmentRegion = en;
			hasScannedForEncodings = 0;
			knownRegions = (
				en,
				ru,
				uk,
				tr,
				ua,
			);
			mainGroup = 9A7B91B9298D6D9600E60CDD;
			productRefGroup = 9A7B91C3298D6D9600E60CDD /* Products */;
			projectDirPath = "";
			projectRoot = "";
			targets = (
				9A7B91C1298D6D9600E60CDD /* Learny */,
				9A7B91D7298D6D9900E60CDD /* LanguageTests */,
				9A7B91E1298D6D9A00E60CDD /* LanguageUITests */,
			);
		};
/* End PBXProject section */

/* Begin PBXResourcesBuildPhase section */
		9A7B91C0298D6D9600E60CDD /* Resources */ = {
			isa = PBXResourcesBuildPhase;
			buildActionMask = 2147483647;
			files = (
				7D59FEBC2B07925B00FAD332 /* Settings.bundle in Resources */,
				9A1F67C829DFFD39003993C5 /* Localizable.strings in Resources */,
				9A94B9592A5EB1FA00DF6E4C /* Launch Screen.storyboard in Resources */,
				9A7B91CF298D6D9900E60CDD /* Assets.xcassets in Resources */,
			);
			runOnlyForDeploymentPostprocessing = 0;
		};
		9A7B91D6298D6D9900E60CDD /* Resources */ = {
			isa = PBXResourcesBuildPhase;
			buildActionMask = 2147483647;
			files = (
			);
			runOnlyForDeploymentPostprocessing = 0;
		};
		9A7B91E0298D6D9A00E60CDD /* Resources */ = {
			isa = PBXResourcesBuildPhase;
			buildActionMask = 2147483647;
			files = (
			);
			runOnlyForDeploymentPostprocessing = 0;
		};
/* End PBXResourcesBuildPhase section */

/* Begin PBXSourcesBuildPhase section */
		9A7B91BE298D6D9600E60CDD /* Sources */ = {
			isa = PBXSourcesBuildPhase;
			buildActionMask = 2147483647;
			files = (
				9A75413D2A70042D0064BE4E /* SearchViewModel.swift in Sources */,
				082495992D159A1D00435AE1 /* TableViewCells.swift in Sources */,
				08C665432C80D23100427BA5 /* DictionariesSettings+CoreDataProperties.swift in Sources */,
				9A90775A2A9CB83D00C88DD3 /* PieStatisticView.swift in Sources */,
				9AAC8A072A88E9E00068828C /* CustomUserDefaults.swift in Sources */,
				9AA61BEF2A616D3200FACAD2 /* AddDictionaryViewModel.swift in Sources */,
				9AA71C6129C34EA8008A193B /* CollectionViewLastCell.swift in Sources */,
				9ABC83A62A582C5600E630F5 /* MenuViewModel.swift in Sources */,
				9A883CE32A6C65D7008682F3 /* UIView Extensions.swift in Sources */,
				9AB43A1629F3E72D00984350 /* SearchViewCell.swift in Sources */,
				9A1F67D129E18BBE003993C5 /* SettingsImageCell.swift in Sources */,
				9AB43A1929F40EA000984350 /* LearnyLocal.xcdatamodeld in Sources */,
				9ABC83A42A582C3F00E630F5 /* MenuView.swift in Sources */,
				0887CB492D3B962000BACA7C /* DataUpdateManager.swift in Sources */,
				08C665482C80D23100427BA5 /* DictionariesEntity+CoreDataClass.swift in Sources */,
				08CEFF1F2D4E6AF300E6DF82 /* SearchCellDetailedView.swift in Sources */,
				9AA71C5B29C20894008A193B /* MainGameVC.swift in Sources */,
				9A77B0242AD58974006DA151 /* ExceptionsViewModel.swift in Sources */,
				08C665462C80D23100427BA5 /* WordsEntity+CoreDataClass.swift in Sources */,
				9A02AA5C2AA0B47100644820 /* StatisticViewCell.swift in Sources */,
				9A912FC62A06BB540004A91A /* NotificationTextCell.swift in Sources */,
				9A02B2862A38993F00652FC3 /* EditView.swift in Sources */,
				08C6654B2C80D35400427BA5 /* CoreData_Settings.swift in Sources */,
				08C665422C80D23100427BA5 /* DictionariesSettings+CoreDataClass.swift in Sources */,
				9AFFCE7B299D073D00C12B94 /* MenuAddDictionaryCell.swift in Sources */,
				9AE34A782A115DD300F8BB65 /* GameDetailsVC.swift in Sources */,
				08C665492C80D23100427BA5 /* DictionariesEntity+CoreDataProperties.swift in Sources */,
				9A77B0222AD58960006DA151 /* ExceptionsVC.swift in Sources */,
				7D3C3FA32B17467B00025234 /* UIButton Extension.swift in Sources */,
				9AB9A96129FD71F000694FE8 /* SeparatorsView.swift in Sources */,
				9A9970FE29DB2D86007EE635 /* LaunchAnimation.swift in Sources */,
				9AB43A3629F4695B00984350 /* CoreDataMethods.swift in Sources */,
				081EB2342D47A9AA00D518C9 /* GameCollectionViewLayout.swift in Sources */,
				9A1F67D429E3F69A003993C5 /* SettingsHeaderCell.swift in Sources */,
				9A5D51D52A6808CC00F85720 /* DetailsViewModel.swift in Sources */,
				9AA71C6829C9CE9B008A193B /* CollectionViewCell.swift in Sources */,
				9AADA5142A8C48280044708E /* SeparatorsViewModel.swift in Sources */,
				9A77B0262AD6C94A006DA151 /* ExceptionExampleView.swift in Sources */,
				9AD4E2432A950862009090EA /* GameViewModel.swift in Sources */,
				9A5D51D32A67E05300F85720 /* AddWordsViewModel.swift in Sources */,
				9AE509352997C07700D86DD7 /* AddDictionaryView.swift in Sources */,
				9A7E9F932AA5F06600C702B4 /* StatisticViewModel.swift in Sources */,
				086854EB2CE5064900CBB618 /* AddWordsPartitialController.swift in Sources */,
				08DA98B12D00AEE8007A3C00 /* CustomTableViewDelegate.swift in Sources */,
				9AB039D62A9175A6003FE10C /* CustomSearchBar.swift in Sources */,
				9A883CE82A6C6BC1008682F3 /* CoreData_Dictionary.swift in Sources */,
				9A883CEA2A6D375C008682F3 /* CoreData_Words.swift in Sources */,
				9A999CA72A7DA4050017C30C /* NotificationDayPicker.swift in Sources */,
				08AD928B2D4BA5330077BAD9 /* SearchViewHeaderCell.swift in Sources */,
				9AADA5162A8E298C0044708E /* SeparatorsExampleView.swift in Sources */,
				9A5641FF2A5D779400027BCD /* EditViewModel.swift in Sources */,
				08B80D102B924FC300768784 /* FontChangeManager.swift in Sources */,
				08C665472C80D23100427BA5 /* WordsEntity+CoreDataProperties.swift in Sources */,
				7DB5A5AE2AF8D7FE003B0E0A /* HiglightLayoutManager.swift in Sources */,
				9A883CE62A6C68E0008682F3 /* DictionariesLogsConverter.swift in Sources */,
				9A8284142AC70FA70071D4D7 /* TutorialInformationView.swift in Sources */,
				9AA7AB5429AE3CF400CCC9F4 /* Extensions.swift in Sources */,
				9A02AA602AA2040700644820 /* PickerCallView.swift in Sources */,
				9AABAEAC2A8527060032C008 /* UIFont Extensions.swift in Sources */,
				9A883CEC2A6D37C4008682F3 /* CoreData_Logs.swift in Sources */,
				7D3C3F9F2B1745A200025234 /* UIVC Extension.swift in Sources */,
				9A8284082ABDF2890071D4D7 /* TutorialSecondPart.swift in Sources */,
				08C097F72CDD072A00ED875A /* TimedDetailView.swift in Sources */,
				9A5D51D72A680EED00F85720 /* CoreDataCustomErrors.swift in Sources */,
				9A1F67CF29E166C4003993C5 /* LanguageChangeManager.swift in Sources */,
				9A8284122AC45CB50071D4D7 /* TutorialAccessView.swift in Sources */,
				9AB2453F29E8556100E05E59 /* NotificationSwitchCell.swift in Sources */,
				9A9970FC29D9D662007EE635 /* SearchView.swift in Sources */,
				9A0BD53A29DC531F00845328 /* SettingsTextCell.swift in Sources */,
				9AD4E2472A963A89009090EA /* ViewModelFactory.swift in Sources */,
				9A94B95B2A5ED84900DF6E4C /* MenuStatisticView.swift in Sources */,
				9ABAEE172A72B7950065494A /* NotificationViewModel.swift in Sources */,
				9A883CEE2A6EA0A6008682F3 /* StatisticCellViewModel.swift in Sources */,
				9A3B83442AAE24850093060E /* GameDetailsViewModel.swift in Sources */,
				9ABAEE1C2A79BFA10065494A /* NotificationView.swift in Sources */,
				9A4D211A2AB0B74400EA9196 /* CustomNavigationController.swift in Sources */,
				9A3825EC2ABB284E00113AAD /* Tutorial.swift in Sources */,
				08C665452C80D23100427BA5 /* DictionariesAccessLog+CoreDataProperties.swift in Sources */,
				9AFFCE7D299E747400C12B94 /* StatisticView.swift in Sources */,
				7D3C3FA12B17462500025234 /* UIColor Extension.swift in Sources */,
				0873A1C02CE62D730048D012 /* CountdownBarButton.swift in Sources */,
				9A7B91C6298D6D9600E60CDD /* AppDelegate.swift in Sources */,
				9AAECFC229B50A5300439C0B /* AddWordsView.swift in Sources */,
				9AB40FF229CC6A9D00353FFC /* MenuDictionaryCell.swift in Sources */,
				9AABAEB02A87D3E00032C008 /* TextInputView.swift in Sources */,
				9AA6C4E52AB621AA0094F8D5 /* SearchToolBarView.swift in Sources */,
				9A7B91C8298D6D9600E60CDD /* SceneDelegate.swift in Sources */,
				0836F0662D5B4D8300B78F88 /* TutorialVC.swift in Sources */,
				9AFFCE8129A4DFEF00C12B94 /* DetailsView.swift in Sources */,
				9AAECFBE29B5052F00439C0B /* SettingsVC.swift in Sources */,
				08C665442C80D23100427BA5 /* DictionariesAccessLog+CoreDataClass.swift in Sources */,
				08C7E7062D3536E2006E6C55 /* PopUpTimerView.swift in Sources */,
				08EA16F62CFB1E3A00E1CA56 /* StatisticViewSelectedCell.swift in Sources */,
				9A5D51D92A680F4E00F85720 /* CoreDataChangeTypes.swift in Sources */,
				9AB9A95F29FD70A800694FE8 /* SeparatorsCell.swift in Sources */,
				0825FE8C2D536DC0000C2114 /* TypingEffectAnimation.swift in Sources */,
				9AD4E2452A960163009090EA /* InformationView.swift in Sources */,
				9AF756882AAA514200CE3B25 /* StatisticLogsConverter.swift in Sources */,
				9AABAEB22A88E5D40032C008 /* SettingsViewModel.swift in Sources */,
			);
			runOnlyForDeploymentPostprocessing = 0;
		};
		9A7B91D4298D6D9900E60CDD /* Sources */ = {
			isa = PBXSourcesBuildPhase;
			buildActionMask = 2147483647;
			files = (
				9A7B91DD298D6D9900E60CDD /* LanguageTests.swift in Sources */,
			);
			runOnlyForDeploymentPostprocessing = 0;
		};
		9A7B91DE298D6D9A00E60CDD /* Sources */ = {
			isa = PBXSourcesBuildPhase;
			buildActionMask = 2147483647;
			files = (
				9A7B91E9298D6D9A00E60CDD /* LanguageUITestsLaunchTests.swift in Sources */,
				9A7B91E7298D6D9A00E60CDD /* LanguageUITests.swift in Sources */,
			);
			runOnlyForDeploymentPostprocessing = 0;
		};
/* End PBXSourcesBuildPhase section */

/* Begin PBXTargetDependency section */
		9A7B91DA298D6D9900E60CDD /* PBXTargetDependency */ = {
			isa = PBXTargetDependency;
			target = 9A7B91C1298D6D9600E60CDD /* Learny */;
			targetProxy = 9A7B91D9298D6D9900E60CDD /* PBXContainerItemProxy */;
		};
		9A7B91E4298D6D9A00E60CDD /* PBXTargetDependency */ = {
			isa = PBXTargetDependency;
			target = 9A7B91C1298D6D9600E60CDD /* Learny */;
			targetProxy = 9A7B91E3298D6D9A00E60CDD /* PBXContainerItemProxy */;
		};
/* End PBXTargetDependency section */

/* Begin PBXVariantGroup section */
		9A1F67CA29DFFD39003993C5 /* Localizable.strings */ = {
			isa = PBXVariantGroup;
			children = (
				9A1F67C929DFFD39003993C5 /* en */,
				9A1F67CC29E00253003993C5 /* ru */,
				9A1F67CD29E00262003993C5 /* uk */,
				089F83AB2D1C07F10093800B /* tr */,
			);
			name = Localizable.strings;
			sourceTree = "<group>";
		};
/* End PBXVariantGroup section */

/* Begin XCBuildConfiguration section */
		9A7B91EA298D6D9A00E60CDD /* Debug */ = {
			isa = XCBuildConfiguration;
			buildSettings = {
				ALWAYS_SEARCH_USER_PATHS = NO;
				CLANG_ANALYZER_LOCALIZABILITY_NONLOCALIZED = YES;
				CLANG_ANALYZER_NONNULL = YES;
				CLANG_ANALYZER_NUMBER_OBJECT_CONVERSION = YES_AGGRESSIVE;
				CLANG_CXX_LANGUAGE_STANDARD = "gnu++20";
				CLANG_ENABLE_MODULES = YES;
				CLANG_ENABLE_OBJC_ARC = YES;
				CLANG_ENABLE_OBJC_WEAK = YES;
				CLANG_WARN_BLOCK_CAPTURE_AUTORELEASING = YES;
				CLANG_WARN_BOOL_CONVERSION = YES;
				CLANG_WARN_COMMA = YES;
				CLANG_WARN_CONSTANT_CONVERSION = YES;
				CLANG_WARN_DEPRECATED_OBJC_IMPLEMENTATIONS = YES;
				CLANG_WARN_DIRECT_OBJC_ISA_USAGE = YES_ERROR;
				CLANG_WARN_DOCUMENTATION_COMMENTS = YES;
				CLANG_WARN_EMPTY_BODY = YES;
				CLANG_WARN_ENUM_CONVERSION = YES;
				CLANG_WARN_INFINITE_RECURSION = YES;
				CLANG_WARN_INT_CONVERSION = YES;
				CLANG_WARN_NON_LITERAL_NULL_CONVERSION = YES;
				CLANG_WARN_OBJC_IMPLICIT_RETAIN_SELF = YES;
				CLANG_WARN_OBJC_LITERAL_CONVERSION = YES;
				CLANG_WARN_OBJC_ROOT_CLASS = YES_ERROR;
				CLANG_WARN_QUOTED_INCLUDE_IN_FRAMEWORK_HEADER = YES;
				CLANG_WARN_RANGE_LOOP_ANALYSIS = YES;
				CLANG_WARN_STRICT_PROTOTYPES = YES;
				CLANG_WARN_SUSPICIOUS_MOVE = YES;
				CLANG_WARN_UNGUARDED_AVAILABILITY = YES_AGGRESSIVE;
				CLANG_WARN_UNREACHABLE_CODE = YES;
				CLANG_WARN__DUPLICATE_METHOD_MATCH = YES;
				COPY_PHASE_STRIP = NO;
				DEBUG_INFORMATION_FORMAT = dwarf;
				ENABLE_STRICT_OBJC_MSGSEND = YES;
				ENABLE_TESTABILITY = YES;
				GCC_C_LANGUAGE_STANDARD = gnu11;
				GCC_DYNAMIC_NO_PIC = NO;
				GCC_NO_COMMON_BLOCKS = YES;
				GCC_OPTIMIZATION_LEVEL = 0;
				GCC_PREPROCESSOR_DEFINITIONS = (
					"DEBUG=1",
					"$(inherited)",
				);
				GCC_WARN_64_TO_32_BIT_CONVERSION = YES;
				GCC_WARN_ABOUT_RETURN_TYPE = YES_ERROR;
				GCC_WARN_UNDECLARED_SELECTOR = YES;
				GCC_WARN_UNINITIALIZED_AUTOS = YES_AGGRESSIVE;
				GCC_WARN_UNUSED_FUNCTION = YES;
				GCC_WARN_UNUSED_VARIABLE = YES;
				IPHONEOS_DEPLOYMENT_TARGET = 16.0;
				MTL_ENABLE_DEBUG_INFO = INCLUDE_SOURCE;
				MTL_FAST_MATH = YES;
				ONLY_ACTIVE_ARCH = YES;
				SDKROOT = iphoneos;
				SWIFT_ACTIVE_COMPILATION_CONDITIONS = DEBUG;
				SWIFT_OPTIMIZATION_LEVEL = "-Onone";
			};
			name = Debug;
		};
		9A7B91EB298D6D9A00E60CDD /* Release */ = {
			isa = XCBuildConfiguration;
			buildSettings = {
				ALWAYS_SEARCH_USER_PATHS = NO;
				CLANG_ANALYZER_LOCALIZABILITY_NONLOCALIZED = YES;
				CLANG_ANALYZER_NONNULL = YES;
				CLANG_ANALYZER_NUMBER_OBJECT_CONVERSION = YES_AGGRESSIVE;
				CLANG_CXX_LANGUAGE_STANDARD = "gnu++20";
				CLANG_ENABLE_MODULES = YES;
				CLANG_ENABLE_OBJC_ARC = YES;
				CLANG_ENABLE_OBJC_WEAK = YES;
				CLANG_WARN_BLOCK_CAPTURE_AUTORELEASING = YES;
				CLANG_WARN_BOOL_CONVERSION = YES;
				CLANG_WARN_COMMA = YES;
				CLANG_WARN_CONSTANT_CONVERSION = YES;
				CLANG_WARN_DEPRECATED_OBJC_IMPLEMENTATIONS = YES;
				CLANG_WARN_DIRECT_OBJC_ISA_USAGE = YES_ERROR;
				CLANG_WARN_DOCUMENTATION_COMMENTS = YES;
				CLANG_WARN_EMPTY_BODY = YES;
				CLANG_WARN_ENUM_CONVERSION = YES;
				CLANG_WARN_INFINITE_RECURSION = YES;
				CLANG_WARN_INT_CONVERSION = YES;
				CLANG_WARN_NON_LITERAL_NULL_CONVERSION = YES;
				CLANG_WARN_OBJC_IMPLICIT_RETAIN_SELF = YES;
				CLANG_WARN_OBJC_LITERAL_CONVERSION = YES;
				CLANG_WARN_OBJC_ROOT_CLASS = YES_ERROR;
				CLANG_WARN_QUOTED_INCLUDE_IN_FRAMEWORK_HEADER = YES;
				CLANG_WARN_RANGE_LOOP_ANALYSIS = YES;
				CLANG_WARN_STRICT_PROTOTYPES = YES;
				CLANG_WARN_SUSPICIOUS_MOVE = YES;
				CLANG_WARN_UNGUARDED_AVAILABILITY = YES_AGGRESSIVE;
				CLANG_WARN_UNREACHABLE_CODE = YES;
				CLANG_WARN__DUPLICATE_METHOD_MATCH = YES;
				COPY_PHASE_STRIP = NO;
				DEBUG_INFORMATION_FORMAT = "dwarf-with-dsym";
				ENABLE_NS_ASSERTIONS = NO;
				ENABLE_STRICT_OBJC_MSGSEND = YES;
				GCC_C_LANGUAGE_STANDARD = gnu11;
				GCC_NO_COMMON_BLOCKS = YES;
				GCC_WARN_64_TO_32_BIT_CONVERSION = YES;
				GCC_WARN_ABOUT_RETURN_TYPE = YES_ERROR;
				GCC_WARN_UNDECLARED_SELECTOR = YES;
				GCC_WARN_UNINITIALIZED_AUTOS = YES_AGGRESSIVE;
				GCC_WARN_UNUSED_FUNCTION = YES;
				GCC_WARN_UNUSED_VARIABLE = YES;
				IPHONEOS_DEPLOYMENT_TARGET = 16.0;
				MTL_ENABLE_DEBUG_INFO = NO;
				MTL_FAST_MATH = YES;
				SDKROOT = iphoneos;
				SWIFT_COMPILATION_MODE = wholemodule;
				SWIFT_OPTIMIZATION_LEVEL = "-O";
				VALIDATE_PRODUCT = YES;
			};
			name = Release;
		};
		9A7B91ED298D6D9A00E60CDD /* Debug */ = {
			isa = XCBuildConfiguration;
			buildSettings = {
				ASSETCATALOG_COMPILER_APPICON_NAME = AppIcon;
				ASSETCATALOG_COMPILER_GLOBAL_ACCENT_COLOR_NAME = AccentColor;
				CODE_SIGN_STYLE = Automatic;
				CURRENT_PROJECT_VERSION = 1;
				DEVELOPMENT_TEAM = GZY5759NR5;
				GENERATE_INFOPLIST_FILE = YES;
				INFOPLIST_FILE = Language/Info.plist;
				INFOPLIST_KEY_CFBundleDisplayName = Learny;
				INFOPLIST_KEY_LSApplicationCategoryType = "public.app-category.education";
				INFOPLIST_KEY_UIApplicationSupportsIndirectInputEvents = YES;
				INFOPLIST_KEY_UILaunchStoryboardName = LaunchScreen;
				INFOPLIST_KEY_UISupportedInterfaceOrientations = UIInterfaceOrientationPortrait;
				INFOPLIST_KEY_UISupportedInterfaceOrientations_iPad = "UIInterfaceOrientationLandscapeLeft UIInterfaceOrientationLandscapeRight UIInterfaceOrientationPortrait UIInterfaceOrientationPortraitUpsideDown";
				IPHONEOS_DEPLOYMENT_TARGET = 16.0;
				LD_RUNPATH_SEARCH_PATHS = (
					"$(inherited)",
					"@executable_path/Frameworks",
				);
				MARKETING_VERSION = 1.0;
				PRODUCT_BUNDLE_IDENTIFIER = com.Learny;
				PRODUCT_NAME = "$(TARGET_NAME)";
				SUPPORTED_PLATFORMS = "iphoneos iphonesimulator";
				SUPPORTS_MACCATALYST = NO;
				SUPPORTS_MAC_DESIGNED_FOR_IPHONE_IPAD = NO;
				SWIFT_EMIT_LOC_STRINGS = YES;
				SWIFT_VERSION = 5.0;
				TARGETED_DEVICE_FAMILY = "1,2";
			};
			name = Debug;
		};
		9A7B91EE298D6D9A00E60CDD /* Release */ = {
			isa = XCBuildConfiguration;
			buildSettings = {
				ASSETCATALOG_COMPILER_APPICON_NAME = AppIcon;
				ASSETCATALOG_COMPILER_GLOBAL_ACCENT_COLOR_NAME = AccentColor;
				CODE_SIGN_STYLE = Automatic;
				CURRENT_PROJECT_VERSION = 1;
				DEVELOPMENT_TEAM = GZY5759NR5;
				GENERATE_INFOPLIST_FILE = YES;
				INFOPLIST_FILE = Language/Info.plist;
				INFOPLIST_KEY_CFBundleDisplayName = Learny;
				INFOPLIST_KEY_LSApplicationCategoryType = "public.app-category.education";
				INFOPLIST_KEY_UIApplicationSupportsIndirectInputEvents = YES;
				INFOPLIST_KEY_UILaunchStoryboardName = LaunchScreen;
				INFOPLIST_KEY_UISupportedInterfaceOrientations = UIInterfaceOrientationPortrait;
				INFOPLIST_KEY_UISupportedInterfaceOrientations_iPad = "UIInterfaceOrientationLandscapeLeft UIInterfaceOrientationLandscapeRight UIInterfaceOrientationPortrait UIInterfaceOrientationPortraitUpsideDown";
				IPHONEOS_DEPLOYMENT_TARGET = 16.0;
				LD_RUNPATH_SEARCH_PATHS = (
					"$(inherited)",
					"@executable_path/Frameworks",
				);
				MARKETING_VERSION = 1.0;
				PRODUCT_BUNDLE_IDENTIFIER = com.Learny;
				PRODUCT_NAME = "$(TARGET_NAME)";
				SUPPORTED_PLATFORMS = "iphoneos iphonesimulator";
				SUPPORTS_MACCATALYST = NO;
				SUPPORTS_MAC_DESIGNED_FOR_IPHONE_IPAD = NO;
				SWIFT_EMIT_LOC_STRINGS = YES;
				SWIFT_VERSION = 5.0;
				TARGETED_DEVICE_FAMILY = "1,2";
			};
			name = Release;
		};
		9A7B91F0298D6D9A00E60CDD /* Debug */ = {
			isa = XCBuildConfiguration;
			buildSettings = {
				ALWAYS_EMBED_SWIFT_STANDARD_LIBRARIES = YES;
				BUNDLE_LOADER = "$(TEST_HOST)";
				CODE_SIGN_STYLE = Automatic;
				CURRENT_PROJECT_VERSION = 1;
				DEVELOPMENT_TEAM = ZPMQQ4YYLW;
				GENERATE_INFOPLIST_FILE = YES;
				IPHONEOS_DEPLOYMENT_TARGET = 16.1;
				MARKETING_VERSION = 1.0;
				PRODUCT_BUNDLE_IDENTIFIER = com.LanguageTests;
				PRODUCT_NAME = "$(TARGET_NAME)";
				SWIFT_EMIT_LOC_STRINGS = NO;
				SWIFT_VERSION = 5.0;
				TARGETED_DEVICE_FAMILY = "1,2";
				TEST_HOST = "$(BUILT_PRODUCTS_DIR)/Language.app/$(BUNDLE_EXECUTABLE_FOLDER_PATH)/Language";
			};
			name = Debug;
		};
		9A7B91F1298D6D9A00E60CDD /* Release */ = {
			isa = XCBuildConfiguration;
			buildSettings = {
				ALWAYS_EMBED_SWIFT_STANDARD_LIBRARIES = YES;
				BUNDLE_LOADER = "$(TEST_HOST)";
				CODE_SIGN_STYLE = Automatic;
				CURRENT_PROJECT_VERSION = 1;
				DEVELOPMENT_TEAM = ZPMQQ4YYLW;
				GENERATE_INFOPLIST_FILE = YES;
				IPHONEOS_DEPLOYMENT_TARGET = 16.1;
				MARKETING_VERSION = 1.0;
				PRODUCT_BUNDLE_IDENTIFIER = com.LanguageTests;
				PRODUCT_NAME = "$(TARGET_NAME)";
				SWIFT_EMIT_LOC_STRINGS = NO;
				SWIFT_VERSION = 5.0;
				TARGETED_DEVICE_FAMILY = "1,2";
				TEST_HOST = "$(BUILT_PRODUCTS_DIR)/Language.app/$(BUNDLE_EXECUTABLE_FOLDER_PATH)/Language";
			};
			name = Release;
		};
		9A7B91F3298D6D9A00E60CDD /* Debug */ = {
			isa = XCBuildConfiguration;
			buildSettings = {
				ALWAYS_EMBED_SWIFT_STANDARD_LIBRARIES = YES;
				CODE_SIGN_STYLE = Automatic;
				CURRENT_PROJECT_VERSION = 1;
				DEVELOPMENT_TEAM = ZPMQQ4YYLW;
				GENERATE_INFOPLIST_FILE = YES;
				MARKETING_VERSION = 1.0;
				PRODUCT_BUNDLE_IDENTIFIER = com.LanguageUITests;
				PRODUCT_NAME = "$(TARGET_NAME)";
				SWIFT_EMIT_LOC_STRINGS = NO;
				SWIFT_VERSION = 5.0;
				TARGETED_DEVICE_FAMILY = "1,2";
				TEST_TARGET_NAME = Language;
			};
			name = Debug;
		};
		9A7B91F4298D6D9A00E60CDD /* Release */ = {
			isa = XCBuildConfiguration;
			buildSettings = {
				ALWAYS_EMBED_SWIFT_STANDARD_LIBRARIES = YES;
				CODE_SIGN_STYLE = Automatic;
				CURRENT_PROJECT_VERSION = 1;
				DEVELOPMENT_TEAM = ZPMQQ4YYLW;
				GENERATE_INFOPLIST_FILE = YES;
				MARKETING_VERSION = 1.0;
				PRODUCT_BUNDLE_IDENTIFIER = com.LanguageUITests;
				PRODUCT_NAME = "$(TARGET_NAME)";
				SWIFT_EMIT_LOC_STRINGS = NO;
				SWIFT_VERSION = 5.0;
				TARGETED_DEVICE_FAMILY = "1,2";
				TEST_TARGET_NAME = Language;
			};
			name = Release;
		};
/* End XCBuildConfiguration section */

/* Begin XCConfigurationList section */
		9A7B91BD298D6D9600E60CDD /* Build configuration list for PBXProject "Learny" */ = {
			isa = XCConfigurationList;
			buildConfigurations = (
				9A7B91EA298D6D9A00E60CDD /* Debug */,
				9A7B91EB298D6D9A00E60CDD /* Release */,
			);
			defaultConfigurationIsVisible = 0;
			defaultConfigurationName = Release;
		};
		9A7B91EC298D6D9A00E60CDD /* Build configuration list for PBXNativeTarget "Learny" */ = {
			isa = XCConfigurationList;
			buildConfigurations = (
				9A7B91ED298D6D9A00E60CDD /* Debug */,
				9A7B91EE298D6D9A00E60CDD /* Release */,
			);
			defaultConfigurationIsVisible = 0;
			defaultConfigurationName = Release;
		};
		9A7B91EF298D6D9A00E60CDD /* Build configuration list for PBXNativeTarget "LanguageTests" */ = {
			isa = XCConfigurationList;
			buildConfigurations = (
				9A7B91F0298D6D9A00E60CDD /* Debug */,
				9A7B91F1298D6D9A00E60CDD /* Release */,
			);
			defaultConfigurationIsVisible = 0;
			defaultConfigurationName = Release;
		};
		9A7B91F2298D6D9A00E60CDD /* Build configuration list for PBXNativeTarget "LanguageUITests" */ = {
			isa = XCConfigurationList;
			buildConfigurations = (
				9A7B91F3298D6D9A00E60CDD /* Debug */,
				9A7B91F4298D6D9A00E60CDD /* Release */,
			);
			defaultConfigurationIsVisible = 0;
			defaultConfigurationName = Release;
		};
/* End XCConfigurationList section */

/* Begin XCVersionGroup section */
		9AB43A1729F40EA000984350 /* LearnyLocal.xcdatamodeld */ = {
			isa = XCVersionGroup;
			children = (
				9A2092D62A3C822F00184124 /* LearnyLocalV2.xcdatamodel */,
				9AB43A1829F40EA000984350 /* LearnyLocal.xcdatamodel */,
			);
			currentVersion = 9A2092D62A3C822F00184124 /* LearnyLocalV2.xcdatamodel */;
			path = LearnyLocal.xcdatamodeld;
			sourceTree = "<group>";
			versionGroupType = wrapper.xcdatamodel;
		};
/* End XCVersionGroup section */
	};
	rootObject = 9A7B91BA298D6D9600E60CDD /* Project object */;
}
