// !$*UTF8*$!
{
	archiveVersion = 1;
	classes = {
	};
	objectVersion = 56;
	objects = {

/* Begin PBXBuildFile section */
		02795F90A406A1776236D496 /* Pods_Language.framework in Frameworks */ = {isa = PBXBuildFile; fileRef = 7CB968C1BC0BCD6C51D7C2C9 /* Pods_Language.framework */; };
		950CB66D35A3A66A8CBFD5C7 /* Pods_LanguageTests.framework in Frameworks */ = {isa = PBXBuildFile; fileRef = A8585DE4C793163678CE51E0 /* Pods_LanguageTests.framework */; };
		9A22B8E9299A9FDA00B1ED3A /* Data.swift in Sources */ = {isa = PBXBuildFile; fileRef = 9A22B8E8299A9FDA00B1ED3A /* Data.swift */; };
		9A22B8EB299BB93200B1ED3A /* ExistingDictionariesCell.swift in Sources */ = {isa = PBXBuildFile; fileRef = 9A22B8EA299BB93200B1ED3A /* ExistingDictionariesCell.swift */; };
		9A603FF929AF5B3200A65253 /* GameVC.swift in Sources */ = {isa = PBXBuildFile; fileRef = 9A603FF829AF5B3200A65253 /* GameVC.swift */; };
		9A7B91C6298D6D9600E60CDD /* AppDelegate.swift in Sources */ = {isa = PBXBuildFile; fileRef = 9A7B91C5298D6D9600E60CDD /* AppDelegate.swift */; };
		9A7B91C8298D6D9600E60CDD /* SceneDelegate.swift in Sources */ = {isa = PBXBuildFile; fileRef = 9A7B91C7298D6D9600E60CDD /* SceneDelegate.swift */; };
		9A7B91CF298D6D9900E60CDD /* Assets.xcassets in Resources */ = {isa = PBXBuildFile; fileRef = 9A7B91CE298D6D9900E60CDD /* Assets.xcassets */; };
		9A7B91DD298D6D9900E60CDD /* LanguageTests.swift in Sources */ = {isa = PBXBuildFile; fileRef = 9A7B91DC298D6D9900E60CDD /* LanguageTests.swift */; };
		9A7B91E7298D6D9A00E60CDD /* LanguageUITests.swift in Sources */ = {isa = PBXBuildFile; fileRef = 9A7B91E6298D6D9A00E60CDD /* LanguageUITests.swift */; };
		9A7B91E9298D6D9A00E60CDD /* LanguageUITestsLaunchTests.swift in Sources */ = {isa = PBXBuildFile; fileRef = 9A7B91E8298D6D9A00E60CDD /* LanguageUITestsLaunchTests.swift */; };
		9AA71C5B29C20894008A193B /* TestGameVC.swift in Sources */ = {isa = PBXBuildFile; fileRef = 9AA71C5A29C20894008A193B /* TestGameVC.swift */; };
		9AA71C5F29C2FC76008A193B /* CardCell.swift in Sources */ = {isa = PBXBuildFile; fileRef = 9AA71C5E29C2FC76008A193B /* CardCell.swift */; };
		9AA71C6129C34EA8008A193B /* LastCell.swift in Sources */ = {isa = PBXBuildFile; fileRef = 9AA71C6029C34EA8008A193B /* LastCell.swift */; };
		9AA71C6429C84C65008A193B /* ViewModel.swift in Sources */ = {isa = PBXBuildFile; fileRef = 9AA71C6329C84C65008A193B /* ViewModel.swift */; };
		9AA71C6829C9CE9B008A193B /* TestCell.swift in Sources */ = {isa = PBXBuildFile; fileRef = 9AA71C6729C9CE9B008A193B /* TestCell.swift */; };
		9AA7AB5429AE3CF400CCC9F4 /* Extensions.swift in Sources */ = {isa = PBXBuildFile; fileRef = 9AA7AB5329AE3CF400CCC9F4 /* Extensions.swift */; };
		9AAECFBE29B5052F00439C0B /* SettingsVC.swift in Sources */ = {isa = PBXBuildFile; fileRef = 9AAECFBD29B5052F00439C0B /* SettingsVC.swift */; };
		9AAECFC029B5055100439C0B /* ClosureVC.swift in Sources */ = {isa = PBXBuildFile; fileRef = 9AAECFBF29B5055100439C0B /* ClosureVC.swift */; };
		9AAECFC229B50A5300439C0B /* AddWordsVC.swift in Sources */ = {isa = PBXBuildFile; fileRef = 9AAECFC129B50A5300439C0B /* AddWordsVC.swift */; };
		9AE509312993C85A00D86DD7 /* LoadDataVC.swift in Sources */ = {isa = PBXBuildFile; fileRef = 9AE509302993C85A00D86DD7 /* LoadDataVC.swift */; };
		9AE50933299695B400D86DD7 /* Menu VC.swift in Sources */ = {isa = PBXBuildFile; fileRef = 9AE50932299695B400D86DD7 /* Menu VC.swift */; };
		9AE509352997C07700D86DD7 /* AddDictionaryVC.swift in Sources */ = {isa = PBXBuildFile; fileRef = 9AE509342997C07700D86DD7 /* AddDictionaryVC.swift */; };
		9AE509372999615800D86DD7 /* CustomImageAssets.swift in Sources */ = {isa = PBXBuildFile; fileRef = 9AE509362999615700D86DD7 /* CustomImageAssets.swift */; };
		9AF147C729B8BE76002E6CCF /* Launch Screen.storyboard in Resources */ = {isa = PBXBuildFile; fileRef = 9AF147C629B8BE76002E6CCF /* Launch Screen.storyboard */; };
		9AFFCE7B299D073D00C12B94 /* AddDictionaryCell.swift in Sources */ = {isa = PBXBuildFile; fileRef = 9AFFCE7A299D073D00C12B94 /* AddDictionaryCell.swift */; };
		9AFFCE7D299E747400C12B94 /* StatisticVC.swift in Sources */ = {isa = PBXBuildFile; fileRef = 9AFFCE7C299E747400C12B94 /* StatisticVC.swift */; };
		9AFFCE8129A4DFEF00C12B94 /* DetailsVC.swift in Sources */ = {isa = PBXBuildFile; fileRef = 9AFFCE8029A4DFEE00C12B94 /* DetailsVC.swift */; };
		CEEB4A3591E7597B5FCE2E7E /* Pods_Language_LanguageUITests.framework in Frameworks */ = {isa = PBXBuildFile; fileRef = FDBB04852E84EE3C3A3FC61E /* Pods_Language_LanguageUITests.framework */; };
/* End PBXBuildFile section */

/* Begin PBXContainerItemProxy section */
		9A7B91D9298D6D9900E60CDD /* PBXContainerItemProxy */ = {
			isa = PBXContainerItemProxy;
			containerPortal = 9A7B91BA298D6D9600E60CDD /* Project object */;
			proxyType = 1;
			remoteGlobalIDString = 9A7B91C1298D6D9600E60CDD;
			remoteInfo = Language;
		};
		9A7B91E3298D6D9A00E60CDD /* PBXContainerItemProxy */ = {
			isa = PBXContainerItemProxy;
			containerPortal = 9A7B91BA298D6D9600E60CDD /* Project object */;
			proxyType = 1;
			remoteGlobalIDString = 9A7B91C1298D6D9600E60CDD;
			remoteInfo = Language;
		};
/* End PBXContainerItemProxy section */

/* Begin PBXFileReference section */
		208F84180974B8EE55170DAC /* Pods-LanguageTests.debug.xcconfig */ = {isa = PBXFileReference; includeInIndex = 1; lastKnownFileType = text.xcconfig; name = "Pods-LanguageTests.debug.xcconfig"; path = "Target Support Files/Pods-LanguageTests/Pods-LanguageTests.debug.xcconfig"; sourceTree = "<group>"; };
		30AA1CCA8E9A4F9B1327A649 /* Pods-Language.release.xcconfig */ = {isa = PBXFileReference; includeInIndex = 1; lastKnownFileType = text.xcconfig; name = "Pods-Language.release.xcconfig"; path = "Target Support Files/Pods-Language/Pods-Language.release.xcconfig"; sourceTree = "<group>"; };
		7CB968C1BC0BCD6C51D7C2C9 /* Pods_Language.framework */ = {isa = PBXFileReference; explicitFileType = wrapper.framework; includeInIndex = 0; path = Pods_Language.framework; sourceTree = BUILT_PRODUCTS_DIR; };
		92E1855A1F6B5D3EF2849FC2 /* Pods-Language-LanguageUITests.release.xcconfig */ = {isa = PBXFileReference; includeInIndex = 1; lastKnownFileType = text.xcconfig; name = "Pods-Language-LanguageUITests.release.xcconfig"; path = "Target Support Files/Pods-Language-LanguageUITests/Pods-Language-LanguageUITests.release.xcconfig"; sourceTree = "<group>"; };
		9A22B8E8299A9FDA00B1ED3A /* Data.swift */ = {isa = PBXFileReference; lastKnownFileType = sourcecode.swift; path = Data.swift; sourceTree = "<group>"; };
		9A22B8EA299BB93200B1ED3A /* ExistingDictionariesCell.swift */ = {isa = PBXFileReference; lastKnownFileType = sourcecode.swift; path = ExistingDictionariesCell.swift; sourceTree = "<group>"; };
		9A603FF829AF5B3200A65253 /* GameVC.swift */ = {isa = PBXFileReference; lastKnownFileType = sourcecode.swift; path = GameVC.swift; sourceTree = "<group>"; };
		9A7B91C2298D6D9600E60CDD /* Language.app */ = {isa = PBXFileReference; explicitFileType = wrapper.application; includeInIndex = 0; path = Language.app; sourceTree = BUILT_PRODUCTS_DIR; };
		9A7B91C5298D6D9600E60CDD /* AppDelegate.swift */ = {isa = PBXFileReference; lastKnownFileType = sourcecode.swift; path = AppDelegate.swift; sourceTree = "<group>"; };
		9A7B91C7298D6D9600E60CDD /* SceneDelegate.swift */ = {isa = PBXFileReference; lastKnownFileType = sourcecode.swift; path = SceneDelegate.swift; sourceTree = "<group>"; };
		9A7B91CE298D6D9900E60CDD /* Assets.xcassets */ = {isa = PBXFileReference; lastKnownFileType = folder.assetcatalog; path = Assets.xcassets; sourceTree = "<group>"; };
		9A7B91D3298D6D9900E60CDD /* Info.plist */ = {isa = PBXFileReference; lastKnownFileType = text.plist.xml; path = Info.plist; sourceTree = "<group>"; };
		9A7B91D8298D6D9900E60CDD /* LanguageTests.xctest */ = {isa = PBXFileReference; explicitFileType = wrapper.cfbundle; includeInIndex = 0; path = LanguageTests.xctest; sourceTree = BUILT_PRODUCTS_DIR; };
		9A7B91DC298D6D9900E60CDD /* LanguageTests.swift */ = {isa = PBXFileReference; lastKnownFileType = sourcecode.swift; path = LanguageTests.swift; sourceTree = "<group>"; };
		9A7B91E2298D6D9A00E60CDD /* LanguageUITests.xctest */ = {isa = PBXFileReference; explicitFileType = wrapper.cfbundle; includeInIndex = 0; path = LanguageUITests.xctest; sourceTree = BUILT_PRODUCTS_DIR; };
		9A7B91E6298D6D9A00E60CDD /* LanguageUITests.swift */ = {isa = PBXFileReference; lastKnownFileType = sourcecode.swift; path = LanguageUITests.swift; sourceTree = "<group>"; };
		9A7B91E8298D6D9A00E60CDD /* LanguageUITestsLaunchTests.swift */ = {isa = PBXFileReference; lastKnownFileType = sourcecode.swift; path = LanguageUITestsLaunchTests.swift; sourceTree = "<group>"; };
		9AA71C5A29C20894008A193B /* TestGameVC.swift */ = {isa = PBXFileReference; lastKnownFileType = sourcecode.swift; path = TestGameVC.swift; sourceTree = "<group>"; };
		9AA71C5E29C2FC76008A193B /* CardCell.swift */ = {isa = PBXFileReference; lastKnownFileType = sourcecode.swift; path = CardCell.swift; sourceTree = "<group>"; };
		9AA71C6029C34EA8008A193B /* LastCell.swift */ = {isa = PBXFileReference; lastKnownFileType = sourcecode.swift; path = LastCell.swift; sourceTree = "<group>"; };
		9AA71C6329C84C65008A193B /* ViewModel.swift */ = {isa = PBXFileReference; lastKnownFileType = sourcecode.swift; path = ViewModel.swift; sourceTree = "<group>"; };
		9AA71C6729C9CE9B008A193B /* TestCell.swift */ = {isa = PBXFileReference; lastKnownFileType = sourcecode.swift; path = TestCell.swift; sourceTree = "<group>"; };
		9AA7AB5329AE3CF400CCC9F4 /* Extensions.swift */ = {isa = PBXFileReference; lastKnownFileType = sourcecode.swift; path = Extensions.swift; sourceTree = "<group>"; };
		9AAECFBD29B5052F00439C0B /* SettingsVC.swift */ = {isa = PBXFileReference; lastKnownFileType = sourcecode.swift; path = SettingsVC.swift; sourceTree = "<group>"; };
		9AAECFBF29B5055100439C0B /* ClosureVC.swift */ = {isa = PBXFileReference; lastKnownFileType = sourcecode.swift; path = ClosureVC.swift; sourceTree = "<group>"; };
		9AAECFC129B50A5300439C0B /* AddWordsVC.swift */ = {isa = PBXFileReference; lastKnownFileType = sourcecode.swift; path = AddWordsVC.swift; sourceTree = "<group>"; };
		9AE509302993C85A00D86DD7 /* LoadDataVC.swift */ = {isa = PBXFileReference; lastKnownFileType = sourcecode.swift; path = LoadDataVC.swift; sourceTree = "<group>"; };
		9AE50932299695B400D86DD7 /* Menu VC.swift */ = {isa = PBXFileReference; lastKnownFileType = sourcecode.swift; path = "Menu VC.swift"; sourceTree = "<group>"; };
		9AE509342997C07700D86DD7 /* AddDictionaryVC.swift */ = {isa = PBXFileReference; lastKnownFileType = sourcecode.swift; path = AddDictionaryVC.swift; sourceTree = "<group>"; };
		9AE509362999615700D86DD7 /* CustomImageAssets.swift */ = {isa = PBXFileReference; lastKnownFileType = sourcecode.swift; path = CustomImageAssets.swift; sourceTree = "<group>"; };
		9AF147C629B8BE76002E6CCF /* Launch Screen.storyboard */ = {isa = PBXFileReference; lastKnownFileType = file.storyboard; path = "Launch Screen.storyboard"; sourceTree = "<group>"; };
		9AFFCE7A299D073D00C12B94 /* AddDictionaryCell.swift */ = {isa = PBXFileReference; lastKnownFileType = sourcecode.swift; path = AddDictionaryCell.swift; sourceTree = "<group>"; };
		9AFFCE7C299E747400C12B94 /* StatisticVC.swift */ = {isa = PBXFileReference; lastKnownFileType = sourcecode.swift; path = StatisticVC.swift; sourceTree = "<group>"; };
		9AFFCE8029A4DFEE00C12B94 /* DetailsVC.swift */ = {isa = PBXFileReference; lastKnownFileType = sourcecode.swift; path = DetailsVC.swift; sourceTree = "<group>"; };
		A8585DE4C793163678CE51E0 /* Pods_LanguageTests.framework */ = {isa = PBXFileReference; explicitFileType = wrapper.framework; includeInIndex = 0; path = Pods_LanguageTests.framework; sourceTree = BUILT_PRODUCTS_DIR; };
		BB1E5D49857FDDE7558434F6 /* Pods-Language.debug.xcconfig */ = {isa = PBXFileReference; includeInIndex = 1; lastKnownFileType = text.xcconfig; name = "Pods-Language.debug.xcconfig"; path = "Target Support Files/Pods-Language/Pods-Language.debug.xcconfig"; sourceTree = "<group>"; };
		C94C37C0E6C5D8A6BF419BD1 /* Pods-Language-LanguageUITests.debug.xcconfig */ = {isa = PBXFileReference; includeInIndex = 1; lastKnownFileType = text.xcconfig; name = "Pods-Language-LanguageUITests.debug.xcconfig"; path = "Target Support Files/Pods-Language-LanguageUITests/Pods-Language-LanguageUITests.debug.xcconfig"; sourceTree = "<group>"; };
		EB17B2BA2857723F6F696D8D /* Pods-LanguageTests.release.xcconfig */ = {isa = PBXFileReference; includeInIndex = 1; lastKnownFileType = text.xcconfig; name = "Pods-LanguageTests.release.xcconfig"; path = "Target Support Files/Pods-LanguageTests/Pods-LanguageTests.release.xcconfig"; sourceTree = "<group>"; };
		FDBB04852E84EE3C3A3FC61E /* Pods_Language_LanguageUITests.framework */ = {isa = PBXFileReference; explicitFileType = wrapper.framework; includeInIndex = 0; path = Pods_Language_LanguageUITests.framework; sourceTree = BUILT_PRODUCTS_DIR; };
/* End PBXFileReference section */

/* Begin PBXFrameworksBuildPhase section */
		9A7B91BF298D6D9600E60CDD /* Frameworks */ = {
			isa = PBXFrameworksBuildPhase;
			buildActionMask = 2147483647;
			files = (
				02795F90A406A1776236D496 /* Pods_Language.framework in Frameworks */,
			);
			runOnlyForDeploymentPostprocessing = 0;
		};
		9A7B91D5298D6D9900E60CDD /* Frameworks */ = {
			isa = PBXFrameworksBuildPhase;
			buildActionMask = 2147483647;
			files = (
				950CB66D35A3A66A8CBFD5C7 /* Pods_LanguageTests.framework in Frameworks */,
			);
			runOnlyForDeploymentPostprocessing = 0;
		};
		9A7B91DF298D6D9A00E60CDD /* Frameworks */ = {
			isa = PBXFrameworksBuildPhase;
			buildActionMask = 2147483647;
			files = (
				CEEB4A3591E7597B5FCE2E7E /* Pods_Language_LanguageUITests.framework in Frameworks */,
			);
			runOnlyForDeploymentPostprocessing = 0;
		};
/* End PBXFrameworksBuildPhase section */

/* Begin PBXGroup section */
		193AA18A94BF67BB62C02EA7 /* Pods */ = {
			isa = PBXGroup;
			children = (
				BB1E5D49857FDDE7558434F6 /* Pods-Language.debug.xcconfig */,
				30AA1CCA8E9A4F9B1327A649 /* Pods-Language.release.xcconfig */,
				C94C37C0E6C5D8A6BF419BD1 /* Pods-Language-LanguageUITests.debug.xcconfig */,
				92E1855A1F6B5D3EF2849FC2 /* Pods-Language-LanguageUITests.release.xcconfig */,
				208F84180974B8EE55170DAC /* Pods-LanguageTests.debug.xcconfig */,
				EB17B2BA2857723F6F696D8D /* Pods-LanguageTests.release.xcconfig */,
			);
			path = Pods;
			sourceTree = "<group>";
		};
		1B222EEADCADBB5EF6E48CBE /* Frameworks */ = {
			isa = PBXGroup;
			children = (
				7CB968C1BC0BCD6C51D7C2C9 /* Pods_Language.framework */,
				FDBB04852E84EE3C3A3FC61E /* Pods_Language_LanguageUITests.framework */,
				A8585DE4C793163678CE51E0 /* Pods_LanguageTests.framework */,
			);
			name = Frameworks;
			sourceTree = "<group>";
		};
		9A7B91B9298D6D9600E60CDD = {
			isa = PBXGroup;
			children = (
				9A7B91C4298D6D9600E60CDD /* Language */,
				9A7B91DB298D6D9900E60CDD /* LanguageTests */,
				9A7B91E5298D6D9A00E60CDD /* LanguageUITests */,
				9A7B91C3298D6D9600E60CDD /* Products */,
				193AA18A94BF67BB62C02EA7 /* Pods */,
				1B222EEADCADBB5EF6E48CBE /* Frameworks */,
			);
			sourceTree = "<group>";
		};
		9A7B91C3298D6D9600E60CDD /* Products */ = {
			isa = PBXGroup;
			children = (
				9A7B91C2298D6D9600E60CDD /* Language.app */,
				9A7B91D8298D6D9900E60CDD /* LanguageTests.xctest */,
				9A7B91E2298D6D9A00E60CDD /* LanguageUITests.xctest */,
			);
			name = Products;
			sourceTree = "<group>";
		};
		9A7B91C4298D6D9600E60CDD /* Language */ = {
			isa = PBXGroup;
			children = (
				9A7B91C5298D6D9600E60CDD /* AppDelegate.swift */,
				9A7B91C7298D6D9600E60CDD /* SceneDelegate.swift */,
				9AE50932299695B400D86DD7 /* Menu VC.swift */,
				9AFFCE7F299E7DC400C12B94 /* TableViewCells */,
				9AA71C5A29C20894008A193B /* TestGameVC.swift */,
				9AA71C6229C34EB5008A193B /* CollectionViewCells */,
				9AFFCE7C299E747400C12B94 /* StatisticVC.swift */,
				9AFFCE8029A4DFEE00C12B94 /* DetailsVC.swift */,
				9A22B8E8299A9FDA00B1ED3A /* Data.swift */,
				9AE509342997C07700D86DD7 /* AddDictionaryVC.swift */,
				9AAECFBD29B5052F00439C0B /* SettingsVC.swift */,
				9AAECFC129B50A5300439C0B /* AddWordsVC.swift */,
				9AE509302993C85A00D86DD7 /* LoadDataVC.swift */,
				9AAECFBF29B5055100439C0B /* ClosureVC.swift */,
				9AF147C629B8BE76002E6CCF /* Launch Screen.storyboard */,
				9A7B91CE298D6D9900E60CDD /* Assets.xcassets */,
				9A7B91D3298D6D9900E60CDD /* Info.plist */,
				9AE509362999615700D86DD7 /* CustomImageAssets.swift */,
				9AA7AB5329AE3CF400CCC9F4 /* Extensions.swift */,
				9A603FF829AF5B3200A65253 /* GameVC.swift */,
			);
			path = Language;
			sourceTree = "<group>";
		};
		9A7B91DB298D6D9900E60CDD /* LanguageTests */ = {
			isa = PBXGroup;
			children = (
				9A7B91DC298D6D9900E60CDD /* LanguageTests.swift */,
			);
			path = LanguageTests;
			sourceTree = "<group>";
		};
		9A7B91E5298D6D9A00E60CDD /* LanguageUITests */ = {
			isa = PBXGroup;
			children = (
				9A7B91E6298D6D9A00E60CDD /* LanguageUITests.swift */,
				9A7B91E8298D6D9A00E60CDD /* LanguageUITestsLaunchTests.swift */,
			);
			path = LanguageUITests;
			sourceTree = "<group>";
		};
		9AA71C6229C34EB5008A193B /* CollectionViewCells */ = {
			isa = PBXGroup;
			children = (
				9AA71C5E29C2FC76008A193B /* CardCell.swift */,
				9AA71C6329C84C65008A193B /* ViewModel.swift */,
				9AA71C6029C34EA8008A193B /* LastCell.swift */,
				9AA71C6729C9CE9B008A193B /* TestCell.swift */,
			);
			path = CollectionViewCells;
			sourceTree = "<group>";
		};
		9AFFCE7F299E7DC400C12B94 /* TableViewCells */ = {
			isa = PBXGroup;
			children = (
				9AFFCE7A299D073D00C12B94 /* AddDictionaryCell.swift */,
				9A22B8EA299BB93200B1ED3A /* ExistingDictionariesCell.swift */,
			);
			path = TableViewCells;
			sourceTree = "<group>";
		};
/* End PBXGroup section */

/* Begin PBXNativeTarget section */
		9A7B91C1298D6D9600E60CDD /* Language */ = {
			isa = PBXNativeTarget;
			buildConfigurationList = 9A7B91EC298D6D9A00E60CDD /* Build configuration list for PBXNativeTarget "Language" */;
			buildPhases = (
				4A90A2D4C70CFCC3269E2AC3 /* [CP] Check Pods Manifest.lock */,
				9A7B91BE298D6D9600E60CDD /* Sources */,
				9A7B91BF298D6D9600E60CDD /* Frameworks */,
				9A7B91C0298D6D9600E60CDD /* Resources */,
				6833DE12B56F9D440E035CFA /* [CP] Embed Pods Frameworks */,
			);
			buildRules = (
			);
			dependencies = (
			);
			name = Language;
			productName = Language;
			productReference = 9A7B91C2298D6D9600E60CDD /* Language.app */;
			productType = "com.apple.product-type.application";
		};
		9A7B91D7298D6D9900E60CDD /* LanguageTests */ = {
			isa = PBXNativeTarget;
			buildConfigurationList = 9A7B91EF298D6D9A00E60CDD /* Build configuration list for PBXNativeTarget "LanguageTests" */;
			buildPhases = (
				99F4C2D668EF807E5EED818E /* [CP] Check Pods Manifest.lock */,
				9A7B91D4298D6D9900E60CDD /* Sources */,
				9A7B91D5298D6D9900E60CDD /* Frameworks */,
				9A7B91D6298D6D9900E60CDD /* Resources */,
			);
			buildRules = (
			);
			dependencies = (
				9A7B91DA298D6D9900E60CDD /* PBXTargetDependency */,
			);
			name = LanguageTests;
			productName = LanguageTests;
			productReference = 9A7B91D8298D6D9900E60CDD /* LanguageTests.xctest */;
			productType = "com.apple.product-type.bundle.unit-test";
		};
		9A7B91E1298D6D9A00E60CDD /* LanguageUITests */ = {
			isa = PBXNativeTarget;
			buildConfigurationList = 9A7B91F2298D6D9A00E60CDD /* Build configuration list for PBXNativeTarget "LanguageUITests" */;
			buildPhases = (
				377D9BF239EE084F2D729EFF /* [CP] Check Pods Manifest.lock */,
				9A7B91DE298D6D9A00E60CDD /* Sources */,
				9A7B91DF298D6D9A00E60CDD /* Frameworks */,
				9A7B91E0298D6D9A00E60CDD /* Resources */,
				060B79BE9CBCE352ACF68CD2 /* [CP] Embed Pods Frameworks */,
			);
			buildRules = (
			);
			dependencies = (
				9A7B91E4298D6D9A00E60CDD /* PBXTargetDependency */,
			);
			name = LanguageUITests;
			productName = LanguageUITests;
			productReference = 9A7B91E2298D6D9A00E60CDD /* LanguageUITests.xctest */;
			productType = "com.apple.product-type.bundle.ui-testing";
		};
/* End PBXNativeTarget section */

/* Begin PBXProject section */
		9A7B91BA298D6D9600E60CDD /* Project object */ = {
			isa = PBXProject;
			attributes = {
				BuildIndependentTargetsInParallel = 1;
				LastSwiftUpdateCheck = 1410;
				LastUpgradeCheck = 1410;
				TargetAttributes = {
					9A7B91C1298D6D9600E60CDD = {
						CreatedOnToolsVersion = 14.1;
					};
					9A7B91D7298D6D9900E60CDD = {
						CreatedOnToolsVersion = 14.1;
						TestTargetID = 9A7B91C1298D6D9600E60CDD;
					};
					9A7B91E1298D6D9A00E60CDD = {
						CreatedOnToolsVersion = 14.1;
						TestTargetID = 9A7B91C1298D6D9600E60CDD;
					};
				};
			};
			buildConfigurationList = 9A7B91BD298D6D9600E60CDD /* Build configuration list for PBXProject "Language" */;
			compatibilityVersion = "Xcode 14.0";
			developmentRegion = en;
			hasScannedForEncodings = 0;
			knownRegions = (
				en,
				Base,
			);
			mainGroup = 9A7B91B9298D6D9600E60CDD;
			productRefGroup = 9A7B91C3298D6D9600E60CDD /* Products */;
			projectDirPath = "";
			projectRoot = "";
			targets = (
				9A7B91C1298D6D9600E60CDD /* Language */,
				9A7B91D7298D6D9900E60CDD /* LanguageTests */,
				9A7B91E1298D6D9A00E60CDD /* LanguageUITests */,
			);
		};
/* End PBXProject section */

/* Begin PBXResourcesBuildPhase section */
		9A7B91C0298D6D9600E60CDD /* Resources */ = {
			isa = PBXResourcesBuildPhase;
			buildActionMask = 2147483647;
			files = (
				9AF147C729B8BE76002E6CCF /* Launch Screen.storyboard in Resources */,
				9A7B91CF298D6D9900E60CDD /* Assets.xcassets in Resources */,
			);
			runOnlyForDeploymentPostprocessing = 0;
		};
		9A7B91D6298D6D9900E60CDD /* Resources */ = {
			isa = PBXResourcesBuildPhase;
			buildActionMask = 2147483647;
			files = (
			);
			runOnlyForDeploymentPostprocessing = 0;
		};
		9A7B91E0298D6D9A00E60CDD /* Resources */ = {
			isa = PBXResourcesBuildPhase;
			buildActionMask = 2147483647;
			files = (
			);
			runOnlyForDeploymentPostprocessing = 0;
		};
/* End PBXResourcesBuildPhase section */

/* Begin PBXShellScriptBuildPhase section */
		060B79BE9CBCE352ACF68CD2 /* [CP] Embed Pods Frameworks */ = {
			isa = PBXShellScriptBuildPhase;
			buildActionMask = 2147483647;
			files = (
			);
			inputFileListPaths = (
				"${PODS_ROOT}/Target Support Files/Pods-Language-LanguageUITests/Pods-Language-LanguageUITests-frameworks-${CONFIGURATION}-input-files.xcfilelist",
			);
			name = "[CP] Embed Pods Frameworks";
			outputFileListPaths = (
				"${PODS_ROOT}/Target Support Files/Pods-Language-LanguageUITests/Pods-Language-LanguageUITests-frameworks-${CONFIGURATION}-output-files.xcfilelist",
			);
			runOnlyForDeploymentPostprocessing = 0;
			shellPath = /bin/sh;
			shellScript = "\"${PODS_ROOT}/Target Support Files/Pods-Language-LanguageUITests/Pods-Language-LanguageUITests-frameworks.sh\"\n";
			showEnvVarsInLog = 0;
		};
		377D9BF239EE084F2D729EFF /* [CP] Check Pods Manifest.lock */ = {
			isa = PBXShellScriptBuildPhase;
			buildActionMask = 2147483647;
			files = (
			);
			inputFileListPaths = (
			);
			inputPaths = (
				"${PODS_PODFILE_DIR_PATH}/Podfile.lock",
				"${PODS_ROOT}/Manifest.lock",
			);
			name = "[CP] Check Pods Manifest.lock";
			outputFileListPaths = (
			);
			outputPaths = (
				"$(DERIVED_FILE_DIR)/Pods-Language-LanguageUITests-checkManifestLockResult.txt",
			);
			runOnlyForDeploymentPostprocessing = 0;
			shellPath = /bin/sh;
			shellScript = "diff \"${PODS_PODFILE_DIR_PATH}/Podfile.lock\" \"${PODS_ROOT}/Manifest.lock\" > /dev/null\nif [ $? != 0 ] ; then\n    # print error to STDERR\n    echo \"error: The sandbox is not in sync with the Podfile.lock. Run 'pod install' or update your CocoaPods installation.\" >&2\n    exit 1\nfi\n# This output is used by Xcode 'outputs' to avoid re-running this script phase.\necho \"SUCCESS\" > \"${SCRIPT_OUTPUT_FILE_0}\"\n";
			showEnvVarsInLog = 0;
		};
		4A90A2D4C70CFCC3269E2AC3 /* [CP] Check Pods Manifest.lock */ = {
			isa = PBXShellScriptBuildPhase;
			buildActionMask = 2147483647;
			files = (
			);
			inputFileListPaths = (
			);
			inputPaths = (
				"${PODS_PODFILE_DIR_PATH}/Podfile.lock",
				"${PODS_ROOT}/Manifest.lock",
			);
			name = "[CP] Check Pods Manifest.lock";
			outputFileListPaths = (
			);
			outputPaths = (
				"$(DERIVED_FILE_DIR)/Pods-Language-checkManifestLockResult.txt",
			);
			runOnlyForDeploymentPostprocessing = 0;
			shellPath = /bin/sh;
			shellScript = "diff \"${PODS_PODFILE_DIR_PATH}/Podfile.lock\" \"${PODS_ROOT}/Manifest.lock\" > /dev/null\nif [ $? != 0 ] ; then\n    # print error to STDERR\n    echo \"error: The sandbox is not in sync with the Podfile.lock. Run 'pod install' or update your CocoaPods installation.\" >&2\n    exit 1\nfi\n# This output is used by Xcode 'outputs' to avoid re-running this script phase.\necho \"SUCCESS\" > \"${SCRIPT_OUTPUT_FILE_0}\"\n";
			showEnvVarsInLog = 0;
		};
		6833DE12B56F9D440E035CFA /* [CP] Embed Pods Frameworks */ = {
			isa = PBXShellScriptBuildPhase;
			buildActionMask = 2147483647;
			files = (
			);
			inputFileListPaths = (
				"${PODS_ROOT}/Target Support Files/Pods-Language/Pods-Language-frameworks-${CONFIGURATION}-input-files.xcfilelist",
			);
			name = "[CP] Embed Pods Frameworks";
			outputFileListPaths = (
				"${PODS_ROOT}/Target Support Files/Pods-Language/Pods-Language-frameworks-${CONFIGURATION}-output-files.xcfilelist",
			);
			runOnlyForDeploymentPostprocessing = 0;
			shellPath = /bin/sh;
			shellScript = "\"${PODS_ROOT}/Target Support Files/Pods-Language/Pods-Language-frameworks.sh\"\n";
			showEnvVarsInLog = 0;
		};
		99F4C2D668EF807E5EED818E /* [CP] Check Pods Manifest.lock */ = {
			isa = PBXShellScriptBuildPhase;
			buildActionMask = 2147483647;
			files = (
			);
			inputFileListPaths = (
			);
			inputPaths = (
				"${PODS_PODFILE_DIR_PATH}/Podfile.lock",
				"${PODS_ROOT}/Manifest.lock",
			);
			name = "[CP] Check Pods Manifest.lock";
			outputFileListPaths = (
			);
			outputPaths = (
				"$(DERIVED_FILE_DIR)/Pods-LanguageTests-checkManifestLockResult.txt",
			);
			runOnlyForDeploymentPostprocessing = 0;
			shellPath = /bin/sh;
			shellScript = "diff \"${PODS_PODFILE_DIR_PATH}/Podfile.lock\" \"${PODS_ROOT}/Manifest.lock\" > /dev/null\nif [ $? != 0 ] ; then\n    # print error to STDERR\n    echo \"error: The sandbox is not in sync with the Podfile.lock. Run 'pod install' or update your CocoaPods installation.\" >&2\n    exit 1\nfi\n# This output is used by Xcode 'outputs' to avoid re-running this script phase.\necho \"SUCCESS\" > \"${SCRIPT_OUTPUT_FILE_0}\"\n";
			showEnvVarsInLog = 0;
		};
/* End PBXShellScriptBuildPhase section */

/* Begin PBXSourcesBuildPhase section */
		9A7B91BE298D6D9600E60CDD /* Sources */ = {
			isa = PBXSourcesBuildPhase;
			buildActionMask = 2147483647;
			files = (
				9A22B8EB299BB93200B1ED3A /* ExistingDictionariesCell.swift in Sources */,
				9AE50933299695B400D86DD7 /* Menu VC.swift in Sources */,
				9AA71C6129C34EA8008A193B /* LastCell.swift in Sources */,
				9A22B8E9299A9FDA00B1ED3A /* Data.swift in Sources */,
				9AE509372999615800D86DD7 /* CustomImageAssets.swift in Sources */,
				9AA71C5B29C20894008A193B /* TestGameVC.swift in Sources */,
				9AFFCE7B299D073D00C12B94 /* AddDictionaryCell.swift in Sources */,
				9AA71C6829C9CE9B008A193B /* TestCell.swift in Sources */,
				9A603FF929AF5B3200A65253 /* GameVC.swift in Sources */,
				9AE509312993C85A00D86DD7 /* LoadDataVC.swift in Sources */,
				9AE509352997C07700D86DD7 /* AddDictionaryVC.swift in Sources */,
				9AA71C6429C84C65008A193B /* ViewModel.swift in Sources */,
				9AA7AB5429AE3CF400CCC9F4 /* Extensions.swift in Sources */,
				9AAECFC029B5055100439C0B /* ClosureVC.swift in Sources */,
				9AFFCE7D299E747400C12B94 /* StatisticVC.swift in Sources */,
				9A7B91C6298D6D9600E60CDD /* AppDelegate.swift in Sources */,
				9AAECFC229B50A5300439C0B /* AddWordsVC.swift in Sources */,
				9A7B91C8298D6D9600E60CDD /* SceneDelegate.swift in Sources */,
				9AFFCE8129A4DFEF00C12B94 /* DetailsVC.swift in Sources */,
				9AAECFBE29B5052F00439C0B /* SettingsVC.swift in Sources */,
				9AA71C5F29C2FC76008A193B /* CardCell.swift in Sources */,
			);
			runOnlyForDeploymentPostprocessing = 0;
		};
		9A7B91D4298D6D9900E60CDD /* Sources */ = {
			isa = PBXSourcesBuildPhase;
			buildActionMask = 2147483647;
			files = (
				9A7B91DD298D6D9900E60CDD /* LanguageTests.swift in Sources */,
			);
			runOnlyForDeploymentPostprocessing = 0;
		};
		9A7B91DE298D6D9A00E60CDD /* Sources */ = {
			isa = PBXSourcesBuildPhase;
			buildActionMask = 2147483647;
			files = (
				9A7B91E9298D6D9A00E60CDD /* LanguageUITestsLaunchTests.swift in Sources */,
				9A7B91E7298D6D9A00E60CDD /* LanguageUITests.swift in Sources */,
			);
			runOnlyForDeploymentPostprocessing = 0;
		};
/* End PBXSourcesBuildPhase section */

/* Begin PBXTargetDependency section */
		9A7B91DA298D6D9900E60CDD /* PBXTargetDependency */ = {
			isa = PBXTargetDependency;
			target = 9A7B91C1298D6D9600E60CDD /* Language */;
			targetProxy = 9A7B91D9298D6D9900E60CDD /* PBXContainerItemProxy */;
		};
		9A7B91E4298D6D9A00E60CDD /* PBXTargetDependency */ = {
			isa = PBXTargetDependency;
			target = 9A7B91C1298D6D9600E60CDD /* Language */;
			targetProxy = 9A7B91E3298D6D9A00E60CDD /* PBXContainerItemProxy */;
		};
/* End PBXTargetDependency section */

/* Begin XCBuildConfiguration section */
		9A7B91EA298D6D9A00E60CDD /* Debug */ = {
			isa = XCBuildConfiguration;
			buildSettings = {
				ALWAYS_SEARCH_USER_PATHS = NO;
				CLANG_ANALYZER_NONNULL = YES;
				CLANG_ANALYZER_NUMBER_OBJECT_CONVERSION = YES_AGGRESSIVE;
				CLANG_CXX_LANGUAGE_STANDARD = "gnu++20";
				CLANG_ENABLE_MODULES = YES;
				CLANG_ENABLE_OBJC_ARC = YES;
				CLANG_ENABLE_OBJC_WEAK = YES;
				CLANG_WARN_BLOCK_CAPTURE_AUTORELEASING = YES;
				CLANG_WARN_BOOL_CONVERSION = YES;
				CLANG_WARN_COMMA = YES;
				CLANG_WARN_CONSTANT_CONVERSION = YES;
				CLANG_WARN_DEPRECATED_OBJC_IMPLEMENTATIONS = YES;
				CLANG_WARN_DIRECT_OBJC_ISA_USAGE = YES_ERROR;
				CLANG_WARN_DOCUMENTATION_COMMENTS = YES;
				CLANG_WARN_EMPTY_BODY = YES;
				CLANG_WARN_ENUM_CONVERSION = YES;
				CLANG_WARN_INFINITE_RECURSION = YES;
				CLANG_WARN_INT_CONVERSION = YES;
				CLANG_WARN_NON_LITERAL_NULL_CONVERSION = YES;
				CLANG_WARN_OBJC_IMPLICIT_RETAIN_SELF = YES;
				CLANG_WARN_OBJC_LITERAL_CONVERSION = YES;
				CLANG_WARN_OBJC_ROOT_CLASS = YES_ERROR;
				CLANG_WARN_QUOTED_INCLUDE_IN_FRAMEWORK_HEADER = YES;
				CLANG_WARN_RANGE_LOOP_ANALYSIS = YES;
				CLANG_WARN_STRICT_PROTOTYPES = YES;
				CLANG_WARN_SUSPICIOUS_MOVE = YES;
				CLANG_WARN_UNGUARDED_AVAILABILITY = YES_AGGRESSIVE;
				CLANG_WARN_UNREACHABLE_CODE = YES;
				CLANG_WARN__DUPLICATE_METHOD_MATCH = YES;
				COPY_PHASE_STRIP = NO;
				DEBUG_INFORMATION_FORMAT = dwarf;
				ENABLE_STRICT_OBJC_MSGSEND = YES;
				ENABLE_TESTABILITY = YES;
				GCC_C_LANGUAGE_STANDARD = gnu11;
				GCC_DYNAMIC_NO_PIC = NO;
				GCC_NO_COMMON_BLOCKS = YES;
				GCC_OPTIMIZATION_LEVEL = 0;
				GCC_PREPROCESSOR_DEFINITIONS = (
					"DEBUG=1",
					"$(inherited)",
				);
				GCC_WARN_64_TO_32_BIT_CONVERSION = YES;
				GCC_WARN_ABOUT_RETURN_TYPE = YES_ERROR;
				GCC_WARN_UNDECLARED_SELECTOR = YES;
				GCC_WARN_UNINITIALIZED_AUTOS = YES_AGGRESSIVE;
				GCC_WARN_UNUSED_FUNCTION = YES;
				GCC_WARN_UNUSED_VARIABLE = YES;
				IPHONEOS_DEPLOYMENT_TARGET = 16.1;
				MTL_ENABLE_DEBUG_INFO = INCLUDE_SOURCE;
				MTL_FAST_MATH = YES;
				ONLY_ACTIVE_ARCH = YES;
				SDKROOT = iphoneos;
				SWIFT_ACTIVE_COMPILATION_CONDITIONS = DEBUG;
				SWIFT_OPTIMIZATION_LEVEL = "-Onone";
			};
			name = Debug;
		};
		9A7B91EB298D6D9A00E60CDD /* Release */ = {
			isa = XCBuildConfiguration;
			buildSettings = {
				ALWAYS_SEARCH_USER_PATHS = NO;
				CLANG_ANALYZER_NONNULL = YES;
				CLANG_ANALYZER_NUMBER_OBJECT_CONVERSION = YES_AGGRESSIVE;
				CLANG_CXX_LANGUAGE_STANDARD = "gnu++20";
				CLANG_ENABLE_MODULES = YES;
				CLANG_ENABLE_OBJC_ARC = YES;
				CLANG_ENABLE_OBJC_WEAK = YES;
				CLANG_WARN_BLOCK_CAPTURE_AUTORELEASING = YES;
				CLANG_WARN_BOOL_CONVERSION = YES;
				CLANG_WARN_COMMA = YES;
				CLANG_WARN_CONSTANT_CONVERSION = YES;
				CLANG_WARN_DEPRECATED_OBJC_IMPLEMENTATIONS = YES;
				CLANG_WARN_DIRECT_OBJC_ISA_USAGE = YES_ERROR;
				CLANG_WARN_DOCUMENTATION_COMMENTS = YES;
				CLANG_WARN_EMPTY_BODY = YES;
				CLANG_WARN_ENUM_CONVERSION = YES;
				CLANG_WARN_INFINITE_RECURSION = YES;
				CLANG_WARN_INT_CONVERSION = YES;
				CLANG_WARN_NON_LITERAL_NULL_CONVERSION = YES;
				CLANG_WARN_OBJC_IMPLICIT_RETAIN_SELF = YES;
				CLANG_WARN_OBJC_LITERAL_CONVERSION = YES;
				CLANG_WARN_OBJC_ROOT_CLASS = YES_ERROR;
				CLANG_WARN_QUOTED_INCLUDE_IN_FRAMEWORK_HEADER = YES;
				CLANG_WARN_RANGE_LOOP_ANALYSIS = YES;
				CLANG_WARN_STRICT_PROTOTYPES = YES;
				CLANG_WARN_SUSPICIOUS_MOVE = YES;
				CLANG_WARN_UNGUARDED_AVAILABILITY = YES_AGGRESSIVE;
				CLANG_WARN_UNREACHABLE_CODE = YES;
				CLANG_WARN__DUPLICATE_METHOD_MATCH = YES;
				COPY_PHASE_STRIP = NO;
				DEBUG_INFORMATION_FORMAT = "dwarf-with-dsym";
				ENABLE_NS_ASSERTIONS = NO;
				ENABLE_STRICT_OBJC_MSGSEND = YES;
				GCC_C_LANGUAGE_STANDARD = gnu11;
				GCC_NO_COMMON_BLOCKS = YES;
				GCC_WARN_64_TO_32_BIT_CONVERSION = YES;
				GCC_WARN_ABOUT_RETURN_TYPE = YES_ERROR;
				GCC_WARN_UNDECLARED_SELECTOR = YES;
				GCC_WARN_UNINITIALIZED_AUTOS = YES_AGGRESSIVE;
				GCC_WARN_UNUSED_FUNCTION = YES;
				GCC_WARN_UNUSED_VARIABLE = YES;
				IPHONEOS_DEPLOYMENT_TARGET = 16.1;
				MTL_ENABLE_DEBUG_INFO = NO;
				MTL_FAST_MATH = YES;
				SDKROOT = iphoneos;
				SWIFT_COMPILATION_MODE = wholemodule;
				SWIFT_OPTIMIZATION_LEVEL = "-O";
				VALIDATE_PRODUCT = YES;
			};
			name = Release;
		};
		9A7B91ED298D6D9A00E60CDD /* Debug */ = {
			isa = XCBuildConfiguration;
			baseConfigurationReference = BB1E5D49857FDDE7558434F6 /* Pods-Language.debug.xcconfig */;
			buildSettings = {
				ASSETCATALOG_COMPILER_APPICON_NAME = AppIcon;
				ASSETCATALOG_COMPILER_GLOBAL_ACCENT_COLOR_NAME = AccentColor;
				CODE_SIGN_STYLE = Automatic;
				CURRENT_PROJECT_VERSION = 1;
				DEVELOPMENT_TEAM = ZPMQQ4YYLW;
				GENERATE_INFOPLIST_FILE = YES;
				INFOPLIST_FILE = Language/Info.plist;
				INFOPLIST_KEY_UIApplicationSupportsIndirectInputEvents = YES;
				INFOPLIST_KEY_UILaunchStoryboardName = LaunchScreen;
				INFOPLIST_KEY_UISupportedInterfaceOrientations_iPad = "UIInterfaceOrientationPortrait UIInterfaceOrientationPortraitUpsideDown UIInterfaceOrientationLandscapeLeft UIInterfaceOrientationLandscapeRight";
				INFOPLIST_KEY_UISupportedInterfaceOrientations_iPhone = "UIInterfaceOrientationPortrait UIInterfaceOrientationLandscapeLeft UIInterfaceOrientationLandscapeRight";
				IPHONEOS_DEPLOYMENT_TARGET = 16.0;
				LD_RUNPATH_SEARCH_PATHS = (
					"$(inherited)",
					"@executable_path/Frameworks",
				);
				MARKETING_VERSION = 1.0;
				PRODUCT_BUNDLE_IDENTIFIER = com.LanguageNA;
				PRODUCT_NAME = "$(TARGET_NAME)";
				SWIFT_EMIT_LOC_STRINGS = YES;
				SWIFT_VERSION = 5.0;
				TARGETED_DEVICE_FAMILY = "1,2";
			};
			name = Debug;
		};
		9A7B91EE298D6D9A00E60CDD /* Release */ = {
			isa = XCBuildConfiguration;
			baseConfigurationReference = 30AA1CCA8E9A4F9B1327A649 /* Pods-Language.release.xcconfig */;
			buildSettings = {
				ASSETCATALOG_COMPILER_APPICON_NAME = AppIcon;
				ASSETCATALOG_COMPILER_GLOBAL_ACCENT_COLOR_NAME = AccentColor;
				CODE_SIGN_STYLE = Automatic;
				CURRENT_PROJECT_VERSION = 1;
				DEVELOPMENT_TEAM = ZPMQQ4YYLW;
				GENERATE_INFOPLIST_FILE = YES;
				INFOPLIST_FILE = Language/Info.plist;
				INFOPLIST_KEY_UIApplicationSupportsIndirectInputEvents = YES;
				INFOPLIST_KEY_UILaunchStoryboardName = LaunchScreen;
				INFOPLIST_KEY_UISupportedInterfaceOrientations_iPad = "UIInterfaceOrientationPortrait UIInterfaceOrientationPortraitUpsideDown UIInterfaceOrientationLandscapeLeft UIInterfaceOrientationLandscapeRight";
				INFOPLIST_KEY_UISupportedInterfaceOrientations_iPhone = "UIInterfaceOrientationPortrait UIInterfaceOrientationLandscapeLeft UIInterfaceOrientationLandscapeRight";
				IPHONEOS_DEPLOYMENT_TARGET = 16.0;
				LD_RUNPATH_SEARCH_PATHS = (
					"$(inherited)",
					"@executable_path/Frameworks",
				);
				MARKETING_VERSION = 1.0;
				PRODUCT_BUNDLE_IDENTIFIER = com.LanguageNA;
				PRODUCT_NAME = "$(TARGET_NAME)";
				SWIFT_EMIT_LOC_STRINGS = YES;
				SWIFT_VERSION = 5.0;
				TARGETED_DEVICE_FAMILY = "1,2";
			};
			name = Release;
		};
		9A7B91F0298D6D9A00E60CDD /* Debug */ = {
			isa = XCBuildConfiguration;
			baseConfigurationReference = 208F84180974B8EE55170DAC /* Pods-LanguageTests.debug.xcconfig */;
			buildSettings = {
				ALWAYS_EMBED_SWIFT_STANDARD_LIBRARIES = YES;
				BUNDLE_LOADER = "$(TEST_HOST)";
				CODE_SIGN_STYLE = Automatic;
				CURRENT_PROJECT_VERSION = 1;
				DEVELOPMENT_TEAM = ZPMQQ4YYLW;
				GENERATE_INFOPLIST_FILE = YES;
				IPHONEOS_DEPLOYMENT_TARGET = 16.1;
				MARKETING_VERSION = 1.0;
				PRODUCT_BUNDLE_IDENTIFIER = com.LanguageTests;
				PRODUCT_NAME = "$(TARGET_NAME)";
				SWIFT_EMIT_LOC_STRINGS = NO;
				SWIFT_VERSION = 5.0;
				TARGETED_DEVICE_FAMILY = "1,2";
				TEST_HOST = "$(BUILT_PRODUCTS_DIR)/Language.app/$(BUNDLE_EXECUTABLE_FOLDER_PATH)/Language";
			};
			name = Debug;
		};
		9A7B91F1298D6D9A00E60CDD /* Release */ = {
			isa = XCBuildConfiguration;
			baseConfigurationReference = EB17B2BA2857723F6F696D8D /* Pods-LanguageTests.release.xcconfig */;
			buildSettings = {
				ALWAYS_EMBED_SWIFT_STANDARD_LIBRARIES = YES;
				BUNDLE_LOADER = "$(TEST_HOST)";
				CODE_SIGN_STYLE = Automatic;
				CURRENT_PROJECT_VERSION = 1;
				DEVELOPMENT_TEAM = ZPMQQ4YYLW;
				GENERATE_INFOPLIST_FILE = YES;
				IPHONEOS_DEPLOYMENT_TARGET = 16.1;
				MARKETING_VERSION = 1.0;
				PRODUCT_BUNDLE_IDENTIFIER = com.LanguageTests;
				PRODUCT_NAME = "$(TARGET_NAME)";
				SWIFT_EMIT_LOC_STRINGS = NO;
				SWIFT_VERSION = 5.0;
				TARGETED_DEVICE_FAMILY = "1,2";
				TEST_HOST = "$(BUILT_PRODUCTS_DIR)/Language.app/$(BUNDLE_EXECUTABLE_FOLDER_PATH)/Language";
			};
			name = Release;
		};
		9A7B91F3298D6D9A00E60CDD /* Debug */ = {
			isa = XCBuildConfiguration;
			baseConfigurationReference = C94C37C0E6C5D8A6BF419BD1 /* Pods-Language-LanguageUITests.debug.xcconfig */;
			buildSettings = {
				ALWAYS_EMBED_SWIFT_STANDARD_LIBRARIES = YES;
				CODE_SIGN_STYLE = Automatic;
				CURRENT_PROJECT_VERSION = 1;
				DEVELOPMENT_TEAM = ZPMQQ4YYLW;
				GENERATE_INFOPLIST_FILE = YES;
				MARKETING_VERSION = 1.0;
				PRODUCT_BUNDLE_IDENTIFIER = com.LanguageUITests;
				PRODUCT_NAME = "$(TARGET_NAME)";
				SWIFT_EMIT_LOC_STRINGS = NO;
				SWIFT_VERSION = 5.0;
				TARGETED_DEVICE_FAMILY = "1,2";
				TEST_TARGET_NAME = Language;
			};
			name = Debug;
		};
		9A7B91F4298D6D9A00E60CDD /* Release */ = {
			isa = XCBuildConfiguration;
			baseConfigurationReference = 92E1855A1F6B5D3EF2849FC2 /* Pods-Language-LanguageUITests.release.xcconfig */;
			buildSettings = {
				ALWAYS_EMBED_SWIFT_STANDARD_LIBRARIES = YES;
				CODE_SIGN_STYLE = Automatic;
				CURRENT_PROJECT_VERSION = 1;
				DEVELOPMENT_TEAM = ZPMQQ4YYLW;
				GENERATE_INFOPLIST_FILE = YES;
				MARKETING_VERSION = 1.0;
				PRODUCT_BUNDLE_IDENTIFIER = com.LanguageUITests;
				PRODUCT_NAME = "$(TARGET_NAME)";
				SWIFT_EMIT_LOC_STRINGS = NO;
				SWIFT_VERSION = 5.0;
				TARGETED_DEVICE_FAMILY = "1,2";
				TEST_TARGET_NAME = Language;
			};
			name = Release;
		};
/* End XCBuildConfiguration section */

/* Begin XCConfigurationList section */
		9A7B91BD298D6D9600E60CDD /* Build configuration list for PBXProject "Language" */ = {
			isa = XCConfigurationList;
			buildConfigurations = (
				9A7B91EA298D6D9A00E60CDD /* Debug */,
				9A7B91EB298D6D9A00E60CDD /* Release */,
			);
			defaultConfigurationIsVisible = 0;
			defaultConfigurationName = Release;
		};
		9A7B91EC298D6D9A00E60CDD /* Build configuration list for PBXNativeTarget "Language" */ = {
			isa = XCConfigurationList;
			buildConfigurations = (
				9A7B91ED298D6D9A00E60CDD /* Debug */,
				9A7B91EE298D6D9A00E60CDD /* Release */,
			);
			defaultConfigurationIsVisible = 0;
			defaultConfigurationName = Release;
		};
		9A7B91EF298D6D9A00E60CDD /* Build configuration list for PBXNativeTarget "LanguageTests" */ = {
			isa = XCConfigurationList;
			buildConfigurations = (
				9A7B91F0298D6D9A00E60CDD /* Debug */,
				9A7B91F1298D6D9A00E60CDD /* Release */,
			);
			defaultConfigurationIsVisible = 0;
			defaultConfigurationName = Release;
		};
		9A7B91F2298D6D9A00E60CDD /* Build configuration list for PBXNativeTarget "LanguageUITests" */ = {
			isa = XCConfigurationList;
			buildConfigurations = (
				9A7B91F3298D6D9A00E60CDD /* Debug */,
				9A7B91F4298D6D9A00E60CDD /* Release */,
			);
			defaultConfigurationIsVisible = 0;
			defaultConfigurationName = Release;
		};
/* End XCConfigurationList section */
	};
	rootObject = 9A7B91BA298D6D9600E60CDD /* Project object */;
}
